// !$*UTF8*$!
{
	archiveVersion = 1;
	classes = {
	};
	objectVersion = 46;
	objects = {

/* Begin PBXBuildFile section */
		C2466569137A2EBA00835E3A /* 5.mp3 in Resources */ = {isa = PBXBuildFile; fileRef = C2466563137A2EBA00835E3A /* 5.mp3 */; };
		C246656A137A2EBA00835E3A /* 4.mp3 in Resources */ = {isa = PBXBuildFile; fileRef = C2466564137A2EBA00835E3A /* 4.mp3 */; };
		C246656B137A2EBA00835E3A /* 3.mp3 in Resources */ = {isa = PBXBuildFile; fileRef = C2466565137A2EBA00835E3A /* 3.mp3 */; };
		C246656C137A2EBA00835E3A /* 2.mp3 in Resources */ = {isa = PBXBuildFile; fileRef = C2466566137A2EBA00835E3A /* 2.mp3 */; };
		C246656D137A2EBA00835E3A /* 1.mp3 in Resources */ = {isa = PBXBuildFile; fileRef = C2466567137A2EBA00835E3A /* 1.mp3 */; };
		C246656E137A2EBA00835E3A /* 0.mp3 in Resources */ = {isa = PBXBuildFile; fileRef = C2466568137A2EBA00835E3A /* 0.mp3 */; };
		C2466570137A2F9D00835E3A /* playButton.png in Resources */ = {isa = PBXBuildFile; fileRef = C246656F137A2F9D00835E3A /* playButton.png */; };
		C2506C401379F97800DC2FC1 /* QuartzCore.framework in Frameworks */ = {isa = PBXBuildFile; fileRef = C2506C3F1379F97800DC2FC1 /* QuartzCore.framework */; };
		C2506C421379F97800DC2FC1 /* OpenGLES.framework in Frameworks */ = {isa = PBXBuildFile; fileRef = C2506C411379F97800DC2FC1 /* OpenGLES.framework */; };
		C2506C441379F97800DC2FC1 /* OpenAL.framework in Frameworks */ = {isa = PBXBuildFile; fileRef = C2506C431379F97800DC2FC1 /* OpenAL.framework */; };
		C2506C461379F97800DC2FC1 /* AudioToolbox.framework in Frameworks */ = {isa = PBXBuildFile; fileRef = C2506C451379F97800DC2FC1 /* AudioToolbox.framework */; };
		C2506C481379F97800DC2FC1 /* AVFoundation.framework in Frameworks */ = {isa = PBXBuildFile; fileRef = C2506C471379F97800DC2FC1 /* AVFoundation.framework */; };
		C2506C4A1379F97800DC2FC1 /* UIKit.framework in Frameworks */ = {isa = PBXBuildFile; fileRef = C2506C491379F97800DC2FC1 /* UIKit.framework */; };
		C2506C4C1379F97800DC2FC1 /* Foundation.framework in Frameworks */ = {isa = PBXBuildFile; fileRef = C2506C4B1379F97800DC2FC1 /* Foundation.framework */; };
		C2506C4E1379F97800DC2FC1 /* CoreGraphics.framework in Frameworks */ = {isa = PBXBuildFile; fileRef = C2506C4D1379F97800DC2FC1 /* CoreGraphics.framework */; };
		C2506C521379F97800DC2FC1 /* Default.png in Resources */ = {isa = PBXBuildFile; fileRef = C2506C511379F97800DC2FC1 /* Default.png */; };
		C2506C541379F97800DC2FC1 /* fps_images.png in Resources */ = {isa = PBXBuildFile; fileRef = C2506C531379F97800DC2FC1 /* fps_images.png */; };
		C2506C561379F97800DC2FC1 /* Icon-72.png in Resources */ = {isa = PBXBuildFile; fileRef = C2506C551379F97800DC2FC1 /* Icon-72.png */; };
		C2506C581379F97800DC2FC1 /* Icon-Small-50.png in Resources */ = {isa = PBXBuildFile; fileRef = C2506C571379F97800DC2FC1 /* Icon-Small-50.png */; };
		C2506C5A1379F97800DC2FC1 /* Icon-Small.png in Resources */ = {isa = PBXBuildFile; fileRef = C2506C591379F97800DC2FC1 /* Icon-Small.png */; };
		C2506C5C1379F97800DC2FC1 /* Icon-Small@2x.png in Resources */ = {isa = PBXBuildFile; fileRef = C2506C5B1379F97800DC2FC1 /* Icon-Small@2x.png */; };
		C2506C5E1379F97900DC2FC1 /* Icon.png in Resources */ = {isa = PBXBuildFile; fileRef = C2506C5D1379F97800DC2FC1 /* Icon.png */; };
		C2506C601379F97900DC2FC1 /* Icon@2x.png in Resources */ = {isa = PBXBuildFile; fileRef = C2506C5F1379F97900DC2FC1 /* Icon@2x.png */; };
		C2506C631379F97900DC2FC1 /* iTunesArtwork in Resources */ = {isa = PBXBuildFile; fileRef = C2506C621379F97900DC2FC1 /* iTunesArtwork */; };
		C2506C671379F97900DC2FC1 /* CCAction.m in Sources */ = {isa = PBXBuildFile; fileRef = C2506C661379F97900DC2FC1 /* CCAction.m */; };
		C2506C6A1379F97900DC2FC1 /* CCActionCamera.m in Sources */ = {isa = PBXBuildFile; fileRef = C2506C691379F97900DC2FC1 /* CCActionCamera.m */; };
		C2506C6D1379F97900DC2FC1 /* CCActionEase.m in Sources */ = {isa = PBXBuildFile; fileRef = C2506C6C1379F97900DC2FC1 /* CCActionEase.m */; };
		C2506C701379F97900DC2FC1 /* CCActionGrid.m in Sources */ = {isa = PBXBuildFile; fileRef = C2506C6F1379F97900DC2FC1 /* CCActionGrid.m */; };
		C2506C731379F97900DC2FC1 /* CCActionGrid3D.m in Sources */ = {isa = PBXBuildFile; fileRef = C2506C721379F97900DC2FC1 /* CCActionGrid3D.m */; };
		C2506C761379F97900DC2FC1 /* CCActionInstant.m in Sources */ = {isa = PBXBuildFile; fileRef = C2506C751379F97900DC2FC1 /* CCActionInstant.m */; };
		C2506C791379F97900DC2FC1 /* CCActionInterval.m in Sources */ = {isa = PBXBuildFile; fileRef = C2506C781379F97900DC2FC1 /* CCActionInterval.m */; };
		C2506C7C1379F97900DC2FC1 /* CCActionManager.m in Sources */ = {isa = PBXBuildFile; fileRef = C2506C7B1379F97900DC2FC1 /* CCActionManager.m */; };
		C2506C7F1379F97900DC2FC1 /* CCActionPageTurn3D.m in Sources */ = {isa = PBXBuildFile; fileRef = C2506C7E1379F97900DC2FC1 /* CCActionPageTurn3D.m */; };
		C2506C821379F97900DC2FC1 /* CCActionProgressTimer.m in Sources */ = {isa = PBXBuildFile; fileRef = C2506C811379F97900DC2FC1 /* CCActionProgressTimer.m */; };
		C2506C851379F97900DC2FC1 /* CCActionTiledGrid.m in Sources */ = {isa = PBXBuildFile; fileRef = C2506C841379F97900DC2FC1 /* CCActionTiledGrid.m */; };
		C2506C881379F97900DC2FC1 /* CCActionTween.m in Sources */ = {isa = PBXBuildFile; fileRef = C2506C871379F97900DC2FC1 /* CCActionTween.m */; };
		C2506C8B1379F97900DC2FC1 /* CCAnimation.m in Sources */ = {isa = PBXBuildFile; fileRef = C2506C8A1379F97900DC2FC1 /* CCAnimation.m */; };
		C2506C8E1379F97900DC2FC1 /* CCAnimationCache.m in Sources */ = {isa = PBXBuildFile; fileRef = C2506C8D1379F97900DC2FC1 /* CCAnimationCache.m */; };
		C2506C911379F97900DC2FC1 /* CCAtlasNode.m in Sources */ = {isa = PBXBuildFile; fileRef = C2506C901379F97900DC2FC1 /* CCAtlasNode.m */; };
		C2506C941379F97900DC2FC1 /* CCBlockSupport.m in Sources */ = {isa = PBXBuildFile; fileRef = C2506C931379F97900DC2FC1 /* CCBlockSupport.m */; };
		C2506C971379F97900DC2FC1 /* CCCamera.m in Sources */ = {isa = PBXBuildFile; fileRef = C2506C961379F97900DC2FC1 /* CCCamera.m */; };
		C2506C9B1379F97900DC2FC1 /* CCConfiguration.m in Sources */ = {isa = PBXBuildFile; fileRef = C2506C9A1379F97900DC2FC1 /* CCConfiguration.m */; };
		C2506C9E1379F97900DC2FC1 /* CCDirector.m in Sources */ = {isa = PBXBuildFile; fileRef = C2506C9D1379F97900DC2FC1 /* CCDirector.m */; };
		C2506CA11379F97900DC2FC1 /* CCDrawingPrimitives.m in Sources */ = {isa = PBXBuildFile; fileRef = C2506CA01379F97900DC2FC1 /* CCDrawingPrimitives.m */; };
		C2506CA41379F97900DC2FC1 /* CCGrabber.m in Sources */ = {isa = PBXBuildFile; fileRef = C2506CA31379F97900DC2FC1 /* CCGrabber.m */; };
		C2506CA71379F97900DC2FC1 /* CCGrid.m in Sources */ = {isa = PBXBuildFile; fileRef = C2506CA61379F97900DC2FC1 /* CCGrid.m */; };
		C2506CAA1379F97A00DC2FC1 /* CCLabelAtlas.m in Sources */ = {isa = PBXBuildFile; fileRef = C2506CA91379F97A00DC2FC1 /* CCLabelAtlas.m */; };
		C2506CAD1379F97A00DC2FC1 /* CCLabelBMFont.m in Sources */ = {isa = PBXBuildFile; fileRef = C2506CAC1379F97A00DC2FC1 /* CCLabelBMFont.m */; };
		C2506CB01379F97A00DC2FC1 /* CCLabelTTF.m in Sources */ = {isa = PBXBuildFile; fileRef = C2506CAF1379F97A00DC2FC1 /* CCLabelTTF.m */; };
		C2506CB31379F97A00DC2FC1 /* CCLayer.m in Sources */ = {isa = PBXBuildFile; fileRef = C2506CB21379F97A00DC2FC1 /* CCLayer.m */; };
		C2506CB71379F97A00DC2FC1 /* CCMenu.m in Sources */ = {isa = PBXBuildFile; fileRef = C2506CB61379F97A00DC2FC1 /* CCMenu.m */; };
		C2506CBA1379F97A00DC2FC1 /* CCMenuItem.m in Sources */ = {isa = PBXBuildFile; fileRef = C2506CB91379F97A00DC2FC1 /* CCMenuItem.m */; };
		C2506CBD1379F97A00DC2FC1 /* CCMotionStreak.m in Sources */ = {isa = PBXBuildFile; fileRef = C2506CBC1379F97A00DC2FC1 /* CCMotionStreak.m */; };
		C2506CC01379F97A00DC2FC1 /* CCNode.m in Sources */ = {isa = PBXBuildFile; fileRef = C2506CBF1379F97A00DC2FC1 /* CCNode.m */; };
		C2506CC31379F97A00DC2FC1 /* CCParallaxNode.m in Sources */ = {isa = PBXBuildFile; fileRef = C2506CC21379F97A00DC2FC1 /* CCParallaxNode.m */; };
		C2506CC61379F97A00DC2FC1 /* CCParticleExamples.m in Sources */ = {isa = PBXBuildFile; fileRef = C2506CC51379F97A00DC2FC1 /* CCParticleExamples.m */; };
		C2506CC91379F97A00DC2FC1 /* CCParticleSystem.m in Sources */ = {isa = PBXBuildFile; fileRef = C2506CC81379F97A00DC2FC1 /* CCParticleSystem.m */; };
		C2506CCC1379F97A00DC2FC1 /* CCParticleSystemPoint.m in Sources */ = {isa = PBXBuildFile; fileRef = C2506CCB1379F97A00DC2FC1 /* CCParticleSystemPoint.m */; };
		C2506CCF1379F97A00DC2FC1 /* CCParticleSystemQuad.m in Sources */ = {isa = PBXBuildFile; fileRef = C2506CCE1379F97A00DC2FC1 /* CCParticleSystemQuad.m */; };
		C2506CD21379F97A00DC2FC1 /* CCProgressTimer.m in Sources */ = {isa = PBXBuildFile; fileRef = C2506CD11379F97A00DC2FC1 /* CCProgressTimer.m */; };
		C2506CD61379F97A00DC2FC1 /* CCRenderTexture.m in Sources */ = {isa = PBXBuildFile; fileRef = C2506CD51379F97A00DC2FC1 /* CCRenderTexture.m */; };
		C2506CD91379F97A00DC2FC1 /* CCRibbon.m in Sources */ = {isa = PBXBuildFile; fileRef = C2506CD81379F97A00DC2FC1 /* CCRibbon.m */; };
		C2506CDC1379F97A00DC2FC1 /* CCScene.m in Sources */ = {isa = PBXBuildFile; fileRef = C2506CDB1379F97A00DC2FC1 /* CCScene.m */; };
		C2506CDF1379F97A00DC2FC1 /* CCScheduler.m in Sources */ = {isa = PBXBuildFile; fileRef = C2506CDE1379F97A00DC2FC1 /* CCScheduler.m */; };
		C2506CE21379F97A00DC2FC1 /* CCSprite.m in Sources */ = {isa = PBXBuildFile; fileRef = C2506CE11379F97A00DC2FC1 /* CCSprite.m */; };
		C2506CE51379F97A00DC2FC1 /* CCSpriteBatchNode.m in Sources */ = {isa = PBXBuildFile; fileRef = C2506CE41379F97A00DC2FC1 /* CCSpriteBatchNode.m */; };
		C2506CE81379F97A00DC2FC1 /* CCSpriteFrame.m in Sources */ = {isa = PBXBuildFile; fileRef = C2506CE71379F97A00DC2FC1 /* CCSpriteFrame.m */; };
		C2506CEB1379F97A00DC2FC1 /* CCSpriteFrameCache.m in Sources */ = {isa = PBXBuildFile; fileRef = C2506CEA1379F97A00DC2FC1 /* CCSpriteFrameCache.m */; };
		C2506CEE1379F97A00DC2FC1 /* CCTexture2D.m in Sources */ = {isa = PBXBuildFile; fileRef = C2506CED1379F97A00DC2FC1 /* CCTexture2D.m */; };
		C2506CF11379F97A00DC2FC1 /* CCTextureAtlas.m in Sources */ = {isa = PBXBuildFile; fileRef = C2506CF01379F97A00DC2FC1 /* CCTextureAtlas.m */; };
		C2506CF41379F97A00DC2FC1 /* CCTextureCache.m in Sources */ = {isa = PBXBuildFile; fileRef = C2506CF31379F97A00DC2FC1 /* CCTextureCache.m */; };
		C2506CF71379F97A00DC2FC1 /* CCTexturePVR.m in Sources */ = {isa = PBXBuildFile; fileRef = C2506CF61379F97A00DC2FC1 /* CCTexturePVR.m */; };
		C2506CFA1379F97A00DC2FC1 /* CCTileMapAtlas.m in Sources */ = {isa = PBXBuildFile; fileRef = C2506CF91379F97A00DC2FC1 /* CCTileMapAtlas.m */; };
		C2506CFD1379F97A00DC2FC1 /* CCTMXLayer.m in Sources */ = {isa = PBXBuildFile; fileRef = C2506CFC1379F97A00DC2FC1 /* CCTMXLayer.m */; };
		C2506D001379F97A00DC2FC1 /* CCTMXObjectGroup.m in Sources */ = {isa = PBXBuildFile; fileRef = C2506CFF1379F97A00DC2FC1 /* CCTMXObjectGroup.m */; };
		C2506D031379F97A00DC2FC1 /* CCTMXTiledMap.m in Sources */ = {isa = PBXBuildFile; fileRef = C2506D021379F97A00DC2FC1 /* CCTMXTiledMap.m */; };
		C2506D061379F97A00DC2FC1 /* CCTMXXMLParser.m in Sources */ = {isa = PBXBuildFile; fileRef = C2506D051379F97A00DC2FC1 /* CCTMXXMLParser.m */; };
		C2506D091379F97A00DC2FC1 /* CCTransition.m in Sources */ = {isa = PBXBuildFile; fileRef = C2506D081379F97A00DC2FC1 /* CCTransition.m */; };
		C2506D0C1379F97A00DC2FC1 /* CCTransitionPageTurn.m in Sources */ = {isa = PBXBuildFile; fileRef = C2506D0B1379F97A00DC2FC1 /* CCTransitionPageTurn.m */; };
		C2506D0F1379F97B00DC2FC1 /* CCTransitionRadial.m in Sources */ = {isa = PBXBuildFile; fileRef = C2506D0E1379F97B00DC2FC1 /* CCTransitionRadial.m */; };
		C2506D131379F97B00DC2FC1 /* cocos2d.m in Sources */ = {isa = PBXBuildFile; fileRef = C2506D121379F97B00DC2FC1 /* cocos2d.m */; };
		C2506D181379F97B00DC2FC1 /* CCDirectorIOS.m in Sources */ = {isa = PBXBuildFile; fileRef = C2506D171379F97B00DC2FC1 /* CCDirectorIOS.m */; };
		C2506D1C1379F97B00DC2FC1 /* CCTouchDispatcher.m in Sources */ = {isa = PBXBuildFile; fileRef = C2506D1B1379F97B00DC2FC1 /* CCTouchDispatcher.m */; };
		C2506D1F1379F97B00DC2FC1 /* CCTouchHandler.m in Sources */ = {isa = PBXBuildFile; fileRef = C2506D1E1379F97B00DC2FC1 /* CCTouchHandler.m */; };
		C2506D221379F97B00DC2FC1 /* EAGLView.m in Sources */ = {isa = PBXBuildFile; fileRef = C2506D211379F97B00DC2FC1 /* EAGLView.m */; };
		C2506D251379F97B00DC2FC1 /* ES1Renderer.m in Sources */ = {isa = PBXBuildFile; fileRef = C2506D241379F97B00DC2FC1 /* ES1Renderer.m */; };
		C2506D281379F97B00DC2FC1 /* glu.c in Sources */ = {isa = PBXBuildFile; fileRef = C2506D271379F97B00DC2FC1 /* glu.c */; };
		C2506D2C1379F97B00DC2FC1 /* CCDirectorMac.m in Sources */ = {isa = PBXBuildFile; fileRef = C2506D2B1379F97B00DC2FC1 /* CCDirectorMac.m */; };
		C2506D2F1379F97B00DC2FC1 /* CCEventDispatcher.m in Sources */ = {isa = PBXBuildFile; fileRef = C2506D2E1379F97B00DC2FC1 /* CCEventDispatcher.m */; };
		C2506D321379F97B00DC2FC1 /* MacGLView.m in Sources */ = {isa = PBXBuildFile; fileRef = C2506D311379F97B00DC2FC1 /* MacGLView.m */; };
		C2506D351379F97B00DC2FC1 /* MacWindow.m in Sources */ = {isa = PBXBuildFile; fileRef = C2506D341379F97B00DC2FC1 /* MacWindow.m */; };
		C2506D371379F97B00DC2FC1 /* base64.c in Sources */ = {isa = PBXBuildFile; fileRef = C2506D361379F97B00DC2FC1 /* base64.c */; };
		C2506D3B1379F97B00DC2FC1 /* CCArray.m in Sources */ = {isa = PBXBuildFile; fileRef = C2506D3A1379F97B00DC2FC1 /* CCArray.m */; };
		C2506D3F1379F97B00DC2FC1 /* CCFileUtils.m in Sources */ = {isa = PBXBuildFile; fileRef = C2506D3E1379F97B00DC2FC1 /* CCFileUtils.m */; };
		C2506D421379F97B00DC2FC1 /* CCProfiling.m in Sources */ = {isa = PBXBuildFile; fileRef = C2506D411379F97B00DC2FC1 /* CCProfiling.m */; };
		C2506D441379F97B00DC2FC1 /* ccUtils.c in Sources */ = {isa = PBXBuildFile; fileRef = C2506D431379F97B00DC2FC1 /* ccUtils.c */; };
		C2506D481379F97B00DC2FC1 /* CGPointExtension.m in Sources */ = {isa = PBXBuildFile; fileRef = C2506D471379F97B00DC2FC1 /* CGPointExtension.m */; };
		C2506D4C1379F97B00DC2FC1 /* TGAlib.m in Sources */ = {isa = PBXBuildFile; fileRef = C2506D4B1379F97B00DC2FC1 /* TGAlib.m */; };
		C2506D4F1379F97B00DC2FC1 /* TransformUtils.m in Sources */ = {isa = PBXBuildFile; fileRef = C2506D4E1379F97B00DC2FC1 /* TransformUtils.m */; };
		C2506D541379F97B00DC2FC1 /* ZipUtils.m in Sources */ = {isa = PBXBuildFile; fileRef = C2506D531379F97B00DC2FC1 /* ZipUtils.m */; };
		C2506D581379F97B00DC2FC1 /* CDAudioManager.m in Sources */ = {isa = PBXBuildFile; fileRef = C2506D571379F97B00DC2FC1 /* CDAudioManager.m */; };
		C2506D5C1379F97B00DC2FC1 /* CDOpenALSupport.m in Sources */ = {isa = PBXBuildFile; fileRef = C2506D5B1379F97B00DC2FC1 /* CDOpenALSupport.m */; };
		C2506D5F1379F97B00DC2FC1 /* CocosDenshion.m in Sources */ = {isa = PBXBuildFile; fileRef = C2506D5E1379F97B00DC2FC1 /* CocosDenshion.m */; };
		C2506D621379F97B00DC2FC1 /* SimpleAudioEngine.m in Sources */ = {isa = PBXBuildFile; fileRef = C2506D611379F97B00DC2FC1 /* SimpleAudioEngine.m */; };
		C2506D661379F97B00DC2FC1 /* CLScoreServerPost.m in Sources */ = {isa = PBXBuildFile; fileRef = C2506D651379F97B00DC2FC1 /* CLScoreServerPost.m */; };
		C2506D691379F97B00DC2FC1 /* CLScoreServerRequest.m in Sources */ = {isa = PBXBuildFile; fileRef = C2506D681379F97B00DC2FC1 /* CLScoreServerRequest.m */; };
		C2506D6C1379F97B00DC2FC1 /* cocoslive.m in Sources */ = {isa = PBXBuildFile; fileRef = C2506D6B1379F97B00DC2FC1 /* cocoslive.m */; };
		C2506D701379F97B00DC2FC1 /* FontLabel.m in Sources */ = {isa = PBXBuildFile; fileRef = C2506D6F1379F97B00DC2FC1 /* FontLabel.m */; };
		C2506D731379F97B00DC2FC1 /* FontLabelStringDrawing.m in Sources */ = {isa = PBXBuildFile; fileRef = C2506D721379F97B00DC2FC1 /* FontLabelStringDrawing.m */; };
		C2506D761379F97B00DC2FC1 /* FontManager.m in Sources */ = {isa = PBXBuildFile; fileRef = C2506D751379F97B00DC2FC1 /* FontManager.m */; };
		C2506D791379F97B00DC2FC1 /* ZAttributedString.m in Sources */ = {isa = PBXBuildFile; fileRef = C2506D781379F97B00DC2FC1 /* ZAttributedString.m */; };
		C2506D7D1379F97B00DC2FC1 /* ZFont.m in Sources */ = {isa = PBXBuildFile; fileRef = C2506D7C1379F97B00DC2FC1 /* ZFont.m */; };
		C2506D811379F97B00DC2FC1 /* CDataScanner.m in Sources */ = {isa = PBXBuildFile; fileRef = C2506D801379F97B00DC2FC1 /* CDataScanner.m */; };
		C2506D841379F97B00DC2FC1 /* CDataScanner_Extensions.m in Sources */ = {isa = PBXBuildFile; fileRef = C2506D831379F97B00DC2FC1 /* CDataScanner_Extensions.m */; };
		C2506D871379F97C00DC2FC1 /* NSDictionary_JSONExtensions.m in Sources */ = {isa = PBXBuildFile; fileRef = C2506D861379F97C00DC2FC1 /* NSDictionary_JSONExtensions.m */; };
		C2506D8A1379F97C00DC2FC1 /* CJSONDeserializer.m in Sources */ = {isa = PBXBuildFile; fileRef = C2506D891379F97C00DC2FC1 /* CJSONDeserializer.m */; };
		C2506D8D1379F97C00DC2FC1 /* CJSONScanner.m in Sources */ = {isa = PBXBuildFile; fileRef = C2506D8C1379F97C00DC2FC1 /* CJSONScanner.m */; };
		C2506D901379F97C00DC2FC1 /* CJSONSerializer.m in Sources */ = {isa = PBXBuildFile; fileRef = C2506D8F1379F97C00DC2FC1 /* CJSONSerializer.m */; };
		C2506D951379F97C00DC2FC1 /* main.m in Sources */ = {isa = PBXBuildFile; fileRef = C2506D941379F97C00DC2FC1 /* main.m */; };
		C2506D981379F97C00DC2FC1 /* AppDelegate.m in Sources */ = {isa = PBXBuildFile; fileRef = C2506D971379F97C00DC2FC1 /* AppDelegate.m */; };
		C2506D9B1379F97C00DC2FC1 /* RootViewController.m in Sources */ = {isa = PBXBuildFile; fileRef = C2506D9A1379F97C00DC2FC1 /* RootViewController.m */; };
		C2506DA71379F9FE00DC2FC1 /* MusicPad.m in Sources */ = {isa = PBXBuildFile; fileRef = C2506DA61379F9FE00DC2FC1 /* MusicPad.m */; };
		C2506DAC1379FCF200DC2FC1 /* MusicInterface.m in Sources */ = {isa = PBXBuildFile; fileRef = C2506DAB1379FCF200DC2FC1 /* MusicInterface.m */; };
		C2506DB1137A092D00DC2FC1 /* button.png in Resources */ = {isa = PBXBuildFile; fileRef = C2506DB0137A092D00DC2FC1 /* button.png */; };
		C2766CC9138B19EC00AD5623 /* MusicLayer.m in Sources */ = {isa = PBXBuildFile; fileRef = C2766CC8138B19EC00AD5623 /* MusicLayer.m */; };
		EB251BA11540B7E10057F45B /* 6.mp3 in Resources */ = {isa = PBXBuildFile; fileRef = EB251BA01540B7E10057F45B /* 6.mp3 */; };
/* End PBXBuildFile section */

/* Begin PBXFileReference section */
		C2466563137A2EBA00835E3A /* 5.mp3 */ = {isa = PBXFileReference; lastKnownFileType = audio.mp3; path = 5.mp3; sourceTree = "<group>"; };
		C2466564137A2EBA00835E3A /* 4.mp3 */ = {isa = PBXFileReference; lastKnownFileType = audio.mp3; path = 4.mp3; sourceTree = "<group>"; };
		C2466565137A2EBA00835E3A /* 3.mp3 */ = {isa = PBXFileReference; lastKnownFileType = audio.mp3; path = 3.mp3; sourceTree = "<group>"; };
		C2466566137A2EBA00835E3A /* 2.mp3 */ = {isa = PBXFileReference; lastKnownFileType = audio.mp3; path = 2.mp3; sourceTree = "<group>"; };
		C2466567137A2EBA00835E3A /* 1.mp3 */ = {isa = PBXFileReference; lastKnownFileType = audio.mp3; path = 1.mp3; sourceTree = "<group>"; };
		C2466568137A2EBA00835E3A /* 0.mp3 */ = {isa = PBXFileReference; lastKnownFileType = audio.mp3; path = 0.mp3; sourceTree = "<group>"; };
		C246656F137A2F9D00835E3A /* playButton.png */ = {isa = PBXFileReference; lastKnownFileType = image.png; path = playButton.png; sourceTree = "<group>"; };
		C2506C3B1379F97800DC2FC1 /* MusicApp.app */ = {isa = PBXFileReference; explicitFileType = wrapper.application; includeInIndex = 0; path = MusicApp.app; sourceTree = BUILT_PRODUCTS_DIR; };
		C2506C3F1379F97800DC2FC1 /* QuartzCore.framework */ = {isa = PBXFileReference; lastKnownFileType = wrapper.framework; name = QuartzCore.framework; path = System/Library/Frameworks/QuartzCore.framework; sourceTree = SDKROOT; };
		C2506C411379F97800DC2FC1 /* OpenGLES.framework */ = {isa = PBXFileReference; lastKnownFileType = wrapper.framework; name = OpenGLES.framework; path = System/Library/Frameworks/OpenGLES.framework; sourceTree = SDKROOT; };
		C2506C431379F97800DC2FC1 /* OpenAL.framework */ = {isa = PBXFileReference; lastKnownFileType = wrapper.framework; name = OpenAL.framework; path = System/Library/Frameworks/OpenAL.framework; sourceTree = SDKROOT; };
		C2506C451379F97800DC2FC1 /* AudioToolbox.framework */ = {isa = PBXFileReference; lastKnownFileType = wrapper.framework; name = AudioToolbox.framework; path = System/Library/Frameworks/AudioToolbox.framework; sourceTree = SDKROOT; };
		C2506C471379F97800DC2FC1 /* AVFoundation.framework */ = {isa = PBXFileReference; lastKnownFileType = wrapper.framework; name = AVFoundation.framework; path = System/Library/Frameworks/AVFoundation.framework; sourceTree = SDKROOT; };
		C2506C491379F97800DC2FC1 /* UIKit.framework */ = {isa = PBXFileReference; lastKnownFileType = wrapper.framework; name = UIKit.framework; path = System/Library/Frameworks/UIKit.framework; sourceTree = SDKROOT; };
		C2506C4B1379F97800DC2FC1 /* Foundation.framework */ = {isa = PBXFileReference; lastKnownFileType = wrapper.framework; name = Foundation.framework; path = System/Library/Frameworks/Foundation.framework; sourceTree = SDKROOT; };
		C2506C4D1379F97800DC2FC1 /* CoreGraphics.framework */ = {isa = PBXFileReference; lastKnownFileType = wrapper.framework; name = CoreGraphics.framework; path = System/Library/Frameworks/CoreGraphics.framework; sourceTree = SDKROOT; };
		C2506C511379F97800DC2FC1 /* Default.png */ = {isa = PBXFileReference; lastKnownFileType = image.png; name = Default.png; path = Resources/Default.png; sourceTree = "<group>"; };
		C2506C531379F97800DC2FC1 /* fps_images.png */ = {isa = PBXFileReference; lastKnownFileType = image.png; name = fps_images.png; path = Resources/fps_images.png; sourceTree = "<group>"; };
		C2506C551379F97800DC2FC1 /* Icon-72.png */ = {isa = PBXFileReference; lastKnownFileType = image.png; name = "Icon-72.png"; path = "Resources/Icon-72.png"; sourceTree = "<group>"; };
		C2506C571379F97800DC2FC1 /* Icon-Small-50.png */ = {isa = PBXFileReference; lastKnownFileType = image.png; name = "Icon-Small-50.png"; path = "Resources/Icon-Small-50.png"; sourceTree = "<group>"; };
		C2506C591379F97800DC2FC1 /* Icon-Small.png */ = {isa = PBXFileReference; lastKnownFileType = image.png; name = "Icon-Small.png"; path = "Resources/Icon-Small.png"; sourceTree = "<group>"; };
		C2506C5B1379F97800DC2FC1 /* Icon-Small@2x.png */ = {isa = PBXFileReference; lastKnownFileType = image.png; name = "Icon-Small@2x.png"; path = "Resources/Icon-Small@2x.png"; sourceTree = "<group>"; };
		C2506C5D1379F97800DC2FC1 /* Icon.png */ = {isa = PBXFileReference; lastKnownFileType = image.png; name = Icon.png; path = Resources/Icon.png; sourceTree = "<group>"; };
		C2506C5F1379F97900DC2FC1 /* Icon@2x.png */ = {isa = PBXFileReference; lastKnownFileType = image.png; name = "Icon@2x.png"; path = "Resources/Icon@2x.png"; sourceTree = "<group>"; };
		C2506C611379F97900DC2FC1 /* Info.plist */ = {isa = PBXFileReference; lastKnownFileType = text.plist.xml; name = Info.plist; path = Resources/Info.plist; sourceTree = "<group>"; };
		C2506C621379F97900DC2FC1 /* iTunesArtwork */ = {isa = PBXFileReference; lastKnownFileType = file; name = iTunesArtwork; path = Resources/iTunesArtwork; sourceTree = "<group>"; };
		C2506C651379F97900DC2FC1 /* CCAction.h */ = {isa = PBXFileReference; lastKnownFileType = sourcecode.c.h; name = CCAction.h; path = libs/cocos2d/CCAction.h; sourceTree = "<group>"; };
		C2506C661379F97900DC2FC1 /* CCAction.m */ = {isa = PBXFileReference; lastKnownFileType = sourcecode.c.objc; name = CCAction.m; path = libs/cocos2d/CCAction.m; sourceTree = "<group>"; };
		C2506C681379F97900DC2FC1 /* CCActionCamera.h */ = {isa = PBXFileReference; lastKnownFileType = sourcecode.c.h; name = CCActionCamera.h; path = libs/cocos2d/CCActionCamera.h; sourceTree = "<group>"; };
		C2506C691379F97900DC2FC1 /* CCActionCamera.m */ = {isa = PBXFileReference; lastKnownFileType = sourcecode.c.objc; name = CCActionCamera.m; path = libs/cocos2d/CCActionCamera.m; sourceTree = "<group>"; };
		C2506C6B1379F97900DC2FC1 /* CCActionEase.h */ = {isa = PBXFileReference; lastKnownFileType = sourcecode.c.h; name = CCActionEase.h; path = libs/cocos2d/CCActionEase.h; sourceTree = "<group>"; };
		C2506C6C1379F97900DC2FC1 /* CCActionEase.m */ = {isa = PBXFileReference; lastKnownFileType = sourcecode.c.objc; name = CCActionEase.m; path = libs/cocos2d/CCActionEase.m; sourceTree = "<group>"; };
		C2506C6E1379F97900DC2FC1 /* CCActionGrid.h */ = {isa = PBXFileReference; lastKnownFileType = sourcecode.c.h; name = CCActionGrid.h; path = libs/cocos2d/CCActionGrid.h; sourceTree = "<group>"; };
		C2506C6F1379F97900DC2FC1 /* CCActionGrid.m */ = {isa = PBXFileReference; lastKnownFileType = sourcecode.c.objc; name = CCActionGrid.m; path = libs/cocos2d/CCActionGrid.m; sourceTree = "<group>"; };
		C2506C711379F97900DC2FC1 /* CCActionGrid3D.h */ = {isa = PBXFileReference; lastKnownFileType = sourcecode.c.h; name = CCActionGrid3D.h; path = libs/cocos2d/CCActionGrid3D.h; sourceTree = "<group>"; };
		C2506C721379F97900DC2FC1 /* CCActionGrid3D.m */ = {isa = PBXFileReference; lastKnownFileType = sourcecode.c.objc; name = CCActionGrid3D.m; path = libs/cocos2d/CCActionGrid3D.m; sourceTree = "<group>"; };
		C2506C741379F97900DC2FC1 /* CCActionInstant.h */ = {isa = PBXFileReference; lastKnownFileType = sourcecode.c.h; name = CCActionInstant.h; path = libs/cocos2d/CCActionInstant.h; sourceTree = "<group>"; };
		C2506C751379F97900DC2FC1 /* CCActionInstant.m */ = {isa = PBXFileReference; lastKnownFileType = sourcecode.c.objc; name = CCActionInstant.m; path = libs/cocos2d/CCActionInstant.m; sourceTree = "<group>"; };
		C2506C771379F97900DC2FC1 /* CCActionInterval.h */ = {isa = PBXFileReference; lastKnownFileType = sourcecode.c.h; name = CCActionInterval.h; path = libs/cocos2d/CCActionInterval.h; sourceTree = "<group>"; };
		C2506C781379F97900DC2FC1 /* CCActionInterval.m */ = {isa = PBXFileReference; lastKnownFileType = sourcecode.c.objc; name = CCActionInterval.m; path = libs/cocos2d/CCActionInterval.m; sourceTree = "<group>"; };
		C2506C7A1379F97900DC2FC1 /* CCActionManager.h */ = {isa = PBXFileReference; lastKnownFileType = sourcecode.c.h; name = CCActionManager.h; path = libs/cocos2d/CCActionManager.h; sourceTree = "<group>"; };
		C2506C7B1379F97900DC2FC1 /* CCActionManager.m */ = {isa = PBXFileReference; lastKnownFileType = sourcecode.c.objc; name = CCActionManager.m; path = libs/cocos2d/CCActionManager.m; sourceTree = "<group>"; };
		C2506C7D1379F97900DC2FC1 /* CCActionPageTurn3D.h */ = {isa = PBXFileReference; lastKnownFileType = sourcecode.c.h; name = CCActionPageTurn3D.h; path = libs/cocos2d/CCActionPageTurn3D.h; sourceTree = "<group>"; };
		C2506C7E1379F97900DC2FC1 /* CCActionPageTurn3D.m */ = {isa = PBXFileReference; lastKnownFileType = sourcecode.c.objc; name = CCActionPageTurn3D.m; path = libs/cocos2d/CCActionPageTurn3D.m; sourceTree = "<group>"; };
		C2506C801379F97900DC2FC1 /* CCActionProgressTimer.h */ = {isa = PBXFileReference; lastKnownFileType = sourcecode.c.h; name = CCActionProgressTimer.h; path = libs/cocos2d/CCActionProgressTimer.h; sourceTree = "<group>"; };
		C2506C811379F97900DC2FC1 /* CCActionProgressTimer.m */ = {isa = PBXFileReference; lastKnownFileType = sourcecode.c.objc; name = CCActionProgressTimer.m; path = libs/cocos2d/CCActionProgressTimer.m; sourceTree = "<group>"; };
		C2506C831379F97900DC2FC1 /* CCActionTiledGrid.h */ = {isa = PBXFileReference; lastKnownFileType = sourcecode.c.h; name = CCActionTiledGrid.h; path = libs/cocos2d/CCActionTiledGrid.h; sourceTree = "<group>"; };
		C2506C841379F97900DC2FC1 /* CCActionTiledGrid.m */ = {isa = PBXFileReference; lastKnownFileType = sourcecode.c.objc; name = CCActionTiledGrid.m; path = libs/cocos2d/CCActionTiledGrid.m; sourceTree = "<group>"; };
		C2506C861379F97900DC2FC1 /* CCActionTween.h */ = {isa = PBXFileReference; lastKnownFileType = sourcecode.c.h; name = CCActionTween.h; path = libs/cocos2d/CCActionTween.h; sourceTree = "<group>"; };
		C2506C871379F97900DC2FC1 /* CCActionTween.m */ = {isa = PBXFileReference; lastKnownFileType = sourcecode.c.objc; name = CCActionTween.m; path = libs/cocos2d/CCActionTween.m; sourceTree = "<group>"; };
		C2506C891379F97900DC2FC1 /* CCAnimation.h */ = {isa = PBXFileReference; lastKnownFileType = sourcecode.c.h; name = CCAnimation.h; path = libs/cocos2d/CCAnimation.h; sourceTree = "<group>"; };
		C2506C8A1379F97900DC2FC1 /* CCAnimation.m */ = {isa = PBXFileReference; lastKnownFileType = sourcecode.c.objc; name = CCAnimation.m; path = libs/cocos2d/CCAnimation.m; sourceTree = "<group>"; };
		C2506C8C1379F97900DC2FC1 /* CCAnimationCache.h */ = {isa = PBXFileReference; lastKnownFileType = sourcecode.c.h; name = CCAnimationCache.h; path = libs/cocos2d/CCAnimationCache.h; sourceTree = "<group>"; };
		C2506C8D1379F97900DC2FC1 /* CCAnimationCache.m */ = {isa = PBXFileReference; lastKnownFileType = sourcecode.c.objc; name = CCAnimationCache.m; path = libs/cocos2d/CCAnimationCache.m; sourceTree = "<group>"; };
		C2506C8F1379F97900DC2FC1 /* CCAtlasNode.h */ = {isa = PBXFileReference; lastKnownFileType = sourcecode.c.h; name = CCAtlasNode.h; path = libs/cocos2d/CCAtlasNode.h; sourceTree = "<group>"; };
		C2506C901379F97900DC2FC1 /* CCAtlasNode.m */ = {isa = PBXFileReference; lastKnownFileType = sourcecode.c.objc; name = CCAtlasNode.m; path = libs/cocos2d/CCAtlasNode.m; sourceTree = "<group>"; };
		C2506C921379F97900DC2FC1 /* CCBlockSupport.h */ = {isa = PBXFileReference; lastKnownFileType = sourcecode.c.h; name = CCBlockSupport.h; path = libs/cocos2d/CCBlockSupport.h; sourceTree = "<group>"; };
		C2506C931379F97900DC2FC1 /* CCBlockSupport.m */ = {isa = PBXFileReference; lastKnownFileType = sourcecode.c.objc; name = CCBlockSupport.m; path = libs/cocos2d/CCBlockSupport.m; sourceTree = "<group>"; };
		C2506C951379F97900DC2FC1 /* CCCamera.h */ = {isa = PBXFileReference; lastKnownFileType = sourcecode.c.h; name = CCCamera.h; path = libs/cocos2d/CCCamera.h; sourceTree = "<group>"; };
		C2506C961379F97900DC2FC1 /* CCCamera.m */ = {isa = PBXFileReference; lastKnownFileType = sourcecode.c.objc; name = CCCamera.m; path = libs/cocos2d/CCCamera.m; sourceTree = "<group>"; };
		C2506C981379F97900DC2FC1 /* ccConfig.h */ = {isa = PBXFileReference; lastKnownFileType = sourcecode.c.h; name = ccConfig.h; path = libs/cocos2d/ccConfig.h; sourceTree = "<group>"; };
		C2506C991379F97900DC2FC1 /* CCConfiguration.h */ = {isa = PBXFileReference; lastKnownFileType = sourcecode.c.h; name = CCConfiguration.h; path = libs/cocos2d/CCConfiguration.h; sourceTree = "<group>"; };
		C2506C9A1379F97900DC2FC1 /* CCConfiguration.m */ = {isa = PBXFileReference; lastKnownFileType = sourcecode.c.objc; name = CCConfiguration.m; path = libs/cocos2d/CCConfiguration.m; sourceTree = "<group>"; };
		C2506C9C1379F97900DC2FC1 /* CCDirector.h */ = {isa = PBXFileReference; lastKnownFileType = sourcecode.c.h; name = CCDirector.h; path = libs/cocos2d/CCDirector.h; sourceTree = "<group>"; };
		C2506C9D1379F97900DC2FC1 /* CCDirector.m */ = {isa = PBXFileReference; lastKnownFileType = sourcecode.c.objc; name = CCDirector.m; path = libs/cocos2d/CCDirector.m; sourceTree = "<group>"; };
		C2506C9F1379F97900DC2FC1 /* CCDrawingPrimitives.h */ = {isa = PBXFileReference; lastKnownFileType = sourcecode.c.h; name = CCDrawingPrimitives.h; path = libs/cocos2d/CCDrawingPrimitives.h; sourceTree = "<group>"; };
		C2506CA01379F97900DC2FC1 /* CCDrawingPrimitives.m */ = {isa = PBXFileReference; lastKnownFileType = sourcecode.c.objc; name = CCDrawingPrimitives.m; path = libs/cocos2d/CCDrawingPrimitives.m; sourceTree = "<group>"; };
		C2506CA21379F97900DC2FC1 /* CCGrabber.h */ = {isa = PBXFileReference; lastKnownFileType = sourcecode.c.h; name = CCGrabber.h; path = libs/cocos2d/CCGrabber.h; sourceTree = "<group>"; };
		C2506CA31379F97900DC2FC1 /* CCGrabber.m */ = {isa = PBXFileReference; lastKnownFileType = sourcecode.c.objc; name = CCGrabber.m; path = libs/cocos2d/CCGrabber.m; sourceTree = "<group>"; };
		C2506CA51379F97900DC2FC1 /* CCGrid.h */ = {isa = PBXFileReference; lastKnownFileType = sourcecode.c.h; name = CCGrid.h; path = libs/cocos2d/CCGrid.h; sourceTree = "<group>"; };
		C2506CA61379F97900DC2FC1 /* CCGrid.m */ = {isa = PBXFileReference; lastKnownFileType = sourcecode.c.objc; name = CCGrid.m; path = libs/cocos2d/CCGrid.m; sourceTree = "<group>"; };
		C2506CA81379F97A00DC2FC1 /* CCLabelAtlas.h */ = {isa = PBXFileReference; lastKnownFileType = sourcecode.c.h; name = CCLabelAtlas.h; path = libs/cocos2d/CCLabelAtlas.h; sourceTree = "<group>"; };
		C2506CA91379F97A00DC2FC1 /* CCLabelAtlas.m */ = {isa = PBXFileReference; lastKnownFileType = sourcecode.c.objc; name = CCLabelAtlas.m; path = libs/cocos2d/CCLabelAtlas.m; sourceTree = "<group>"; };
		C2506CAB1379F97A00DC2FC1 /* CCLabelBMFont.h */ = {isa = PBXFileReference; lastKnownFileType = sourcecode.c.h; name = CCLabelBMFont.h; path = libs/cocos2d/CCLabelBMFont.h; sourceTree = "<group>"; };
		C2506CAC1379F97A00DC2FC1 /* CCLabelBMFont.m */ = {isa = PBXFileReference; lastKnownFileType = sourcecode.c.objc; name = CCLabelBMFont.m; path = libs/cocos2d/CCLabelBMFont.m; sourceTree = "<group>"; };
		C2506CAE1379F97A00DC2FC1 /* CCLabelTTF.h */ = {isa = PBXFileReference; lastKnownFileType = sourcecode.c.h; name = CCLabelTTF.h; path = libs/cocos2d/CCLabelTTF.h; sourceTree = "<group>"; };
		C2506CAF1379F97A00DC2FC1 /* CCLabelTTF.m */ = {isa = PBXFileReference; lastKnownFileType = sourcecode.c.objc; name = CCLabelTTF.m; path = libs/cocos2d/CCLabelTTF.m; sourceTree = "<group>"; };
		C2506CB11379F97A00DC2FC1 /* CCLayer.h */ = {isa = PBXFileReference; lastKnownFileType = sourcecode.c.h; name = CCLayer.h; path = libs/cocos2d/CCLayer.h; sourceTree = "<group>"; };
		C2506CB21379F97A00DC2FC1 /* CCLayer.m */ = {isa = PBXFileReference; lastKnownFileType = sourcecode.c.objc; name = CCLayer.m; path = libs/cocos2d/CCLayer.m; sourceTree = "<group>"; };
		C2506CB41379F97A00DC2FC1 /* ccMacros.h */ = {isa = PBXFileReference; lastKnownFileType = sourcecode.c.h; name = ccMacros.h; path = libs/cocos2d/ccMacros.h; sourceTree = "<group>"; };
		C2506CB51379F97A00DC2FC1 /* CCMenu.h */ = {isa = PBXFileReference; lastKnownFileType = sourcecode.c.h; name = CCMenu.h; path = libs/cocos2d/CCMenu.h; sourceTree = "<group>"; };
		C2506CB61379F97A00DC2FC1 /* CCMenu.m */ = {isa = PBXFileReference; lastKnownFileType = sourcecode.c.objc; name = CCMenu.m; path = libs/cocos2d/CCMenu.m; sourceTree = "<group>"; };
		C2506CB81379F97A00DC2FC1 /* CCMenuItem.h */ = {isa = PBXFileReference; lastKnownFileType = sourcecode.c.h; name = CCMenuItem.h; path = libs/cocos2d/CCMenuItem.h; sourceTree = "<group>"; };
		C2506CB91379F97A00DC2FC1 /* CCMenuItem.m */ = {isa = PBXFileReference; lastKnownFileType = sourcecode.c.objc; name = CCMenuItem.m; path = libs/cocos2d/CCMenuItem.m; sourceTree = "<group>"; };
		C2506CBB1379F97A00DC2FC1 /* CCMotionStreak.h */ = {isa = PBXFileReference; lastKnownFileType = sourcecode.c.h; name = CCMotionStreak.h; path = libs/cocos2d/CCMotionStreak.h; sourceTree = "<group>"; };
		C2506CBC1379F97A00DC2FC1 /* CCMotionStreak.m */ = {isa = PBXFileReference; lastKnownFileType = sourcecode.c.objc; name = CCMotionStreak.m; path = libs/cocos2d/CCMotionStreak.m; sourceTree = "<group>"; };
		C2506CBE1379F97A00DC2FC1 /* CCNode.h */ = {isa = PBXFileReference; lastKnownFileType = sourcecode.c.h; name = CCNode.h; path = libs/cocos2d/CCNode.h; sourceTree = "<group>"; };
		C2506CBF1379F97A00DC2FC1 /* CCNode.m */ = {isa = PBXFileReference; lastKnownFileType = sourcecode.c.objc; name = CCNode.m; path = libs/cocos2d/CCNode.m; sourceTree = "<group>"; };
		C2506CC11379F97A00DC2FC1 /* CCParallaxNode.h */ = {isa = PBXFileReference; lastKnownFileType = sourcecode.c.h; name = CCParallaxNode.h; path = libs/cocos2d/CCParallaxNode.h; sourceTree = "<group>"; };
		C2506CC21379F97A00DC2FC1 /* CCParallaxNode.m */ = {isa = PBXFileReference; lastKnownFileType = sourcecode.c.objc; name = CCParallaxNode.m; path = libs/cocos2d/CCParallaxNode.m; sourceTree = "<group>"; };
		C2506CC41379F97A00DC2FC1 /* CCParticleExamples.h */ = {isa = PBXFileReference; lastKnownFileType = sourcecode.c.h; name = CCParticleExamples.h; path = libs/cocos2d/CCParticleExamples.h; sourceTree = "<group>"; };
		C2506CC51379F97A00DC2FC1 /* CCParticleExamples.m */ = {isa = PBXFileReference; lastKnownFileType = sourcecode.c.objc; name = CCParticleExamples.m; path = libs/cocos2d/CCParticleExamples.m; sourceTree = "<group>"; };
		C2506CC71379F97A00DC2FC1 /* CCParticleSystem.h */ = {isa = PBXFileReference; lastKnownFileType = sourcecode.c.h; name = CCParticleSystem.h; path = libs/cocos2d/CCParticleSystem.h; sourceTree = "<group>"; };
		C2506CC81379F97A00DC2FC1 /* CCParticleSystem.m */ = {isa = PBXFileReference; lastKnownFileType = sourcecode.c.objc; name = CCParticleSystem.m; path = libs/cocos2d/CCParticleSystem.m; sourceTree = "<group>"; };
		C2506CCA1379F97A00DC2FC1 /* CCParticleSystemPoint.h */ = {isa = PBXFileReference; lastKnownFileType = sourcecode.c.h; name = CCParticleSystemPoint.h; path = libs/cocos2d/CCParticleSystemPoint.h; sourceTree = "<group>"; };
		C2506CCB1379F97A00DC2FC1 /* CCParticleSystemPoint.m */ = {isa = PBXFileReference; lastKnownFileType = sourcecode.c.objc; name = CCParticleSystemPoint.m; path = libs/cocos2d/CCParticleSystemPoint.m; sourceTree = "<group>"; };
		C2506CCD1379F97A00DC2FC1 /* CCParticleSystemQuad.h */ = {isa = PBXFileReference; lastKnownFileType = sourcecode.c.h; name = CCParticleSystemQuad.h; path = libs/cocos2d/CCParticleSystemQuad.h; sourceTree = "<group>"; };
		C2506CCE1379F97A00DC2FC1 /* CCParticleSystemQuad.m */ = {isa = PBXFileReference; lastKnownFileType = sourcecode.c.objc; name = CCParticleSystemQuad.m; path = libs/cocos2d/CCParticleSystemQuad.m; sourceTree = "<group>"; };
		C2506CD01379F97A00DC2FC1 /* CCProgressTimer.h */ = {isa = PBXFileReference; lastKnownFileType = sourcecode.c.h; name = CCProgressTimer.h; path = libs/cocos2d/CCProgressTimer.h; sourceTree = "<group>"; };
		C2506CD11379F97A00DC2FC1 /* CCProgressTimer.m */ = {isa = PBXFileReference; lastKnownFileType = sourcecode.c.objc; name = CCProgressTimer.m; path = libs/cocos2d/CCProgressTimer.m; sourceTree = "<group>"; };
		C2506CD31379F97A00DC2FC1 /* CCProtocols.h */ = {isa = PBXFileReference; lastKnownFileType = sourcecode.c.h; name = CCProtocols.h; path = libs/cocos2d/CCProtocols.h; sourceTree = "<group>"; };
		C2506CD41379F97A00DC2FC1 /* CCRenderTexture.h */ = {isa = PBXFileReference; lastKnownFileType = sourcecode.c.h; name = CCRenderTexture.h; path = libs/cocos2d/CCRenderTexture.h; sourceTree = "<group>"; };
		C2506CD51379F97A00DC2FC1 /* CCRenderTexture.m */ = {isa = PBXFileReference; lastKnownFileType = sourcecode.c.objc; name = CCRenderTexture.m; path = libs/cocos2d/CCRenderTexture.m; sourceTree = "<group>"; };
		C2506CD71379F97A00DC2FC1 /* CCRibbon.h */ = {isa = PBXFileReference; lastKnownFileType = sourcecode.c.h; name = CCRibbon.h; path = libs/cocos2d/CCRibbon.h; sourceTree = "<group>"; };
		C2506CD81379F97A00DC2FC1 /* CCRibbon.m */ = {isa = PBXFileReference; lastKnownFileType = sourcecode.c.objc; name = CCRibbon.m; path = libs/cocos2d/CCRibbon.m; sourceTree = "<group>"; };
		C2506CDA1379F97A00DC2FC1 /* CCScene.h */ = {isa = PBXFileReference; lastKnownFileType = sourcecode.c.h; name = CCScene.h; path = libs/cocos2d/CCScene.h; sourceTree = "<group>"; };
		C2506CDB1379F97A00DC2FC1 /* CCScene.m */ = {isa = PBXFileReference; lastKnownFileType = sourcecode.c.objc; name = CCScene.m; path = libs/cocos2d/CCScene.m; sourceTree = "<group>"; };
		C2506CDD1379F97A00DC2FC1 /* CCScheduler.h */ = {isa = PBXFileReference; lastKnownFileType = sourcecode.c.h; name = CCScheduler.h; path = libs/cocos2d/CCScheduler.h; sourceTree = "<group>"; };
		C2506CDE1379F97A00DC2FC1 /* CCScheduler.m */ = {isa = PBXFileReference; lastKnownFileType = sourcecode.c.objc; name = CCScheduler.m; path = libs/cocos2d/CCScheduler.m; sourceTree = "<group>"; };
		C2506CE01379F97A00DC2FC1 /* CCSprite.h */ = {isa = PBXFileReference; lastKnownFileType = sourcecode.c.h; name = CCSprite.h; path = libs/cocos2d/CCSprite.h; sourceTree = "<group>"; };
		C2506CE11379F97A00DC2FC1 /* CCSprite.m */ = {isa = PBXFileReference; lastKnownFileType = sourcecode.c.objc; name = CCSprite.m; path = libs/cocos2d/CCSprite.m; sourceTree = "<group>"; };
		C2506CE31379F97A00DC2FC1 /* CCSpriteBatchNode.h */ = {isa = PBXFileReference; lastKnownFileType = sourcecode.c.h; name = CCSpriteBatchNode.h; path = libs/cocos2d/CCSpriteBatchNode.h; sourceTree = "<group>"; };
		C2506CE41379F97A00DC2FC1 /* CCSpriteBatchNode.m */ = {isa = PBXFileReference; lastKnownFileType = sourcecode.c.objc; name = CCSpriteBatchNode.m; path = libs/cocos2d/CCSpriteBatchNode.m; sourceTree = "<group>"; };
		C2506CE61379F97A00DC2FC1 /* CCSpriteFrame.h */ = {isa = PBXFileReference; lastKnownFileType = sourcecode.c.h; name = CCSpriteFrame.h; path = libs/cocos2d/CCSpriteFrame.h; sourceTree = "<group>"; };
		C2506CE71379F97A00DC2FC1 /* CCSpriteFrame.m */ = {isa = PBXFileReference; lastKnownFileType = sourcecode.c.objc; name = CCSpriteFrame.m; path = libs/cocos2d/CCSpriteFrame.m; sourceTree = "<group>"; };
		C2506CE91379F97A00DC2FC1 /* CCSpriteFrameCache.h */ = {isa = PBXFileReference; lastKnownFileType = sourcecode.c.h; name = CCSpriteFrameCache.h; path = libs/cocos2d/CCSpriteFrameCache.h; sourceTree = "<group>"; };
		C2506CEA1379F97A00DC2FC1 /* CCSpriteFrameCache.m */ = {isa = PBXFileReference; lastKnownFileType = sourcecode.c.objc; name = CCSpriteFrameCache.m; path = libs/cocos2d/CCSpriteFrameCache.m; sourceTree = "<group>"; };
		C2506CEC1379F97A00DC2FC1 /* CCTexture2D.h */ = {isa = PBXFileReference; lastKnownFileType = sourcecode.c.h; name = CCTexture2D.h; path = libs/cocos2d/CCTexture2D.h; sourceTree = "<group>"; };
		C2506CED1379F97A00DC2FC1 /* CCTexture2D.m */ = {isa = PBXFileReference; lastKnownFileType = sourcecode.c.objc; name = CCTexture2D.m; path = libs/cocos2d/CCTexture2D.m; sourceTree = "<group>"; };
		C2506CEF1379F97A00DC2FC1 /* CCTextureAtlas.h */ = {isa = PBXFileReference; lastKnownFileType = sourcecode.c.h; name = CCTextureAtlas.h; path = libs/cocos2d/CCTextureAtlas.h; sourceTree = "<group>"; };
		C2506CF01379F97A00DC2FC1 /* CCTextureAtlas.m */ = {isa = PBXFileReference; lastKnownFileType = sourcecode.c.objc; name = CCTextureAtlas.m; path = libs/cocos2d/CCTextureAtlas.m; sourceTree = "<group>"; };
		C2506CF21379F97A00DC2FC1 /* CCTextureCache.h */ = {isa = PBXFileReference; lastKnownFileType = sourcecode.c.h; name = CCTextureCache.h; path = libs/cocos2d/CCTextureCache.h; sourceTree = "<group>"; };
		C2506CF31379F97A00DC2FC1 /* CCTextureCache.m */ = {isa = PBXFileReference; lastKnownFileType = sourcecode.c.objc; name = CCTextureCache.m; path = libs/cocos2d/CCTextureCache.m; sourceTree = "<group>"; };
		C2506CF51379F97A00DC2FC1 /* CCTexturePVR.h */ = {isa = PBXFileReference; lastKnownFileType = sourcecode.c.h; name = CCTexturePVR.h; path = libs/cocos2d/CCTexturePVR.h; sourceTree = "<group>"; };
		C2506CF61379F97A00DC2FC1 /* CCTexturePVR.m */ = {isa = PBXFileReference; lastKnownFileType = sourcecode.c.objc; name = CCTexturePVR.m; path = libs/cocos2d/CCTexturePVR.m; sourceTree = "<group>"; };
		C2506CF81379F97A00DC2FC1 /* CCTileMapAtlas.h */ = {isa = PBXFileReference; lastKnownFileType = sourcecode.c.h; name = CCTileMapAtlas.h; path = libs/cocos2d/CCTileMapAtlas.h; sourceTree = "<group>"; };
		C2506CF91379F97A00DC2FC1 /* CCTileMapAtlas.m */ = {isa = PBXFileReference; lastKnownFileType = sourcecode.c.objc; name = CCTileMapAtlas.m; path = libs/cocos2d/CCTileMapAtlas.m; sourceTree = "<group>"; };
		C2506CFB1379F97A00DC2FC1 /* CCTMXLayer.h */ = {isa = PBXFileReference; lastKnownFileType = sourcecode.c.h; name = CCTMXLayer.h; path = libs/cocos2d/CCTMXLayer.h; sourceTree = "<group>"; };
		C2506CFC1379F97A00DC2FC1 /* CCTMXLayer.m */ = {isa = PBXFileReference; lastKnownFileType = sourcecode.c.objc; name = CCTMXLayer.m; path = libs/cocos2d/CCTMXLayer.m; sourceTree = "<group>"; };
		C2506CFE1379F97A00DC2FC1 /* CCTMXObjectGroup.h */ = {isa = PBXFileReference; lastKnownFileType = sourcecode.c.h; name = CCTMXObjectGroup.h; path = libs/cocos2d/CCTMXObjectGroup.h; sourceTree = "<group>"; };
		C2506CFF1379F97A00DC2FC1 /* CCTMXObjectGroup.m */ = {isa = PBXFileReference; lastKnownFileType = sourcecode.c.objc; name = CCTMXObjectGroup.m; path = libs/cocos2d/CCTMXObjectGroup.m; sourceTree = "<group>"; };
		C2506D011379F97A00DC2FC1 /* CCTMXTiledMap.h */ = {isa = PBXFileReference; lastKnownFileType = sourcecode.c.h; name = CCTMXTiledMap.h; path = libs/cocos2d/CCTMXTiledMap.h; sourceTree = "<group>"; };
		C2506D021379F97A00DC2FC1 /* CCTMXTiledMap.m */ = {isa = PBXFileReference; lastKnownFileType = sourcecode.c.objc; name = CCTMXTiledMap.m; path = libs/cocos2d/CCTMXTiledMap.m; sourceTree = "<group>"; };
		C2506D041379F97A00DC2FC1 /* CCTMXXMLParser.h */ = {isa = PBXFileReference; lastKnownFileType = sourcecode.c.h; name = CCTMXXMLParser.h; path = libs/cocos2d/CCTMXXMLParser.h; sourceTree = "<group>"; };
		C2506D051379F97A00DC2FC1 /* CCTMXXMLParser.m */ = {isa = PBXFileReference; lastKnownFileType = sourcecode.c.objc; name = CCTMXXMLParser.m; path = libs/cocos2d/CCTMXXMLParser.m; sourceTree = "<group>"; };
		C2506D071379F97A00DC2FC1 /* CCTransition.h */ = {isa = PBXFileReference; lastKnownFileType = sourcecode.c.h; name = CCTransition.h; path = libs/cocos2d/CCTransition.h; sourceTree = "<group>"; };
		C2506D081379F97A00DC2FC1 /* CCTransition.m */ = {isa = PBXFileReference; lastKnownFileType = sourcecode.c.objc; name = CCTransition.m; path = libs/cocos2d/CCTransition.m; sourceTree = "<group>"; };
		C2506D0A1379F97A00DC2FC1 /* CCTransitionPageTurn.h */ = {isa = PBXFileReference; lastKnownFileType = sourcecode.c.h; name = CCTransitionPageTurn.h; path = libs/cocos2d/CCTransitionPageTurn.h; sourceTree = "<group>"; };
		C2506D0B1379F97A00DC2FC1 /* CCTransitionPageTurn.m */ = {isa = PBXFileReference; lastKnownFileType = sourcecode.c.objc; name = CCTransitionPageTurn.m; path = libs/cocos2d/CCTransitionPageTurn.m; sourceTree = "<group>"; };
		C2506D0D1379F97A00DC2FC1 /* CCTransitionRadial.h */ = {isa = PBXFileReference; lastKnownFileType = sourcecode.c.h; name = CCTransitionRadial.h; path = libs/cocos2d/CCTransitionRadial.h; sourceTree = "<group>"; };
		C2506D0E1379F97B00DC2FC1 /* CCTransitionRadial.m */ = {isa = PBXFileReference; lastKnownFileType = sourcecode.c.objc; name = CCTransitionRadial.m; path = libs/cocos2d/CCTransitionRadial.m; sourceTree = "<group>"; };
		C2506D101379F97B00DC2FC1 /* ccTypes.h */ = {isa = PBXFileReference; lastKnownFileType = sourcecode.c.h; name = ccTypes.h; path = libs/cocos2d/ccTypes.h; sourceTree = "<group>"; };
		C2506D111379F97B00DC2FC1 /* cocos2d.h */ = {isa = PBXFileReference; lastKnownFileType = sourcecode.c.h; name = cocos2d.h; path = libs/cocos2d/cocos2d.h; sourceTree = "<group>"; };
		C2506D121379F97B00DC2FC1 /* cocos2d.m */ = {isa = PBXFileReference; lastKnownFileType = sourcecode.c.objc; name = cocos2d.m; path = libs/cocos2d/cocos2d.m; sourceTree = "<group>"; };
		C2506D141379F97B00DC2FC1 /* CCGL.h */ = {isa = PBXFileReference; lastKnownFileType = sourcecode.c.h; name = CCGL.h; path = libs/cocos2d/Platforms/CCGL.h; sourceTree = "<group>"; };
		C2506D151379F97B00DC2FC1 /* CCNS.h */ = {isa = PBXFileReference; lastKnownFileType = sourcecode.c.h; name = CCNS.h; path = libs/cocos2d/Platforms/CCNS.h; sourceTree = "<group>"; };
		C2506D161379F97B00DC2FC1 /* CCDirectorIOS.h */ = {isa = PBXFileReference; lastKnownFileType = sourcecode.c.h; name = CCDirectorIOS.h; path = libs/cocos2d/Platforms/iOS/CCDirectorIOS.h; sourceTree = "<group>"; };
		C2506D171379F97B00DC2FC1 /* CCDirectorIOS.m */ = {isa = PBXFileReference; lastKnownFileType = sourcecode.c.objc; name = CCDirectorIOS.m; path = libs/cocos2d/Platforms/iOS/CCDirectorIOS.m; sourceTree = "<group>"; };
		C2506D191379F97B00DC2FC1 /* CCTouchDelegateProtocol.h */ = {isa = PBXFileReference; lastKnownFileType = sourcecode.c.h; name = CCTouchDelegateProtocol.h; path = libs/cocos2d/Platforms/iOS/CCTouchDelegateProtocol.h; sourceTree = "<group>"; };
		C2506D1A1379F97B00DC2FC1 /* CCTouchDispatcher.h */ = {isa = PBXFileReference; lastKnownFileType = sourcecode.c.h; name = CCTouchDispatcher.h; path = libs/cocos2d/Platforms/iOS/CCTouchDispatcher.h; sourceTree = "<group>"; };
		C2506D1B1379F97B00DC2FC1 /* CCTouchDispatcher.m */ = {isa = PBXFileReference; lastKnownFileType = sourcecode.c.objc; name = CCTouchDispatcher.m; path = libs/cocos2d/Platforms/iOS/CCTouchDispatcher.m; sourceTree = "<group>"; };
		C2506D1D1379F97B00DC2FC1 /* CCTouchHandler.h */ = {isa = PBXFileReference; lastKnownFileType = sourcecode.c.h; name = CCTouchHandler.h; path = libs/cocos2d/Platforms/iOS/CCTouchHandler.h; sourceTree = "<group>"; };
		C2506D1E1379F97B00DC2FC1 /* CCTouchHandler.m */ = {isa = PBXFileReference; lastKnownFileType = sourcecode.c.objc; name = CCTouchHandler.m; path = libs/cocos2d/Platforms/iOS/CCTouchHandler.m; sourceTree = "<group>"; };
		C2506D201379F97B00DC2FC1 /* EAGLView.h */ = {isa = PBXFileReference; lastKnownFileType = sourcecode.c.h; name = EAGLView.h; path = libs/cocos2d/Platforms/iOS/EAGLView.h; sourceTree = "<group>"; };
		C2506D211379F97B00DC2FC1 /* EAGLView.m */ = {isa = PBXFileReference; lastKnownFileType = sourcecode.c.objc; name = EAGLView.m; path = libs/cocos2d/Platforms/iOS/EAGLView.m; sourceTree = "<group>"; };
		C2506D231379F97B00DC2FC1 /* ES1Renderer.h */ = {isa = PBXFileReference; lastKnownFileType = sourcecode.c.h; name = ES1Renderer.h; path = libs/cocos2d/Platforms/iOS/ES1Renderer.h; sourceTree = "<group>"; };
		C2506D241379F97B00DC2FC1 /* ES1Renderer.m */ = {isa = PBXFileReference; lastKnownFileType = sourcecode.c.objc; name = ES1Renderer.m; path = libs/cocos2d/Platforms/iOS/ES1Renderer.m; sourceTree = "<group>"; };
		C2506D261379F97B00DC2FC1 /* ESRenderer.h */ = {isa = PBXFileReference; lastKnownFileType = sourcecode.c.h; name = ESRenderer.h; path = libs/cocos2d/Platforms/iOS/ESRenderer.h; sourceTree = "<group>"; };
		C2506D271379F97B00DC2FC1 /* glu.c */ = {isa = PBXFileReference; lastKnownFileType = sourcecode.c.c; name = glu.c; path = libs/cocos2d/Platforms/iOS/glu.c; sourceTree = "<group>"; };
		C2506D291379F97B00DC2FC1 /* glu.h */ = {isa = PBXFileReference; lastKnownFileType = sourcecode.c.h; name = glu.h; path = libs/cocos2d/Platforms/iOS/glu.h; sourceTree = "<group>"; };
		C2506D2A1379F97B00DC2FC1 /* CCDirectorMac.h */ = {isa = PBXFileReference; lastKnownFileType = sourcecode.c.h; name = CCDirectorMac.h; path = libs/cocos2d/Platforms/Mac/CCDirectorMac.h; sourceTree = "<group>"; };
		C2506D2B1379F97B00DC2FC1 /* CCDirectorMac.m */ = {isa = PBXFileReference; lastKnownFileType = sourcecode.c.objc; name = CCDirectorMac.m; path = libs/cocos2d/Platforms/Mac/CCDirectorMac.m; sourceTree = "<group>"; };
		C2506D2D1379F97B00DC2FC1 /* CCEventDispatcher.h */ = {isa = PBXFileReference; lastKnownFileType = sourcecode.c.h; name = CCEventDispatcher.h; path = libs/cocos2d/Platforms/Mac/CCEventDispatcher.h; sourceTree = "<group>"; };
		C2506D2E1379F97B00DC2FC1 /* CCEventDispatcher.m */ = {isa = PBXFileReference; lastKnownFileType = sourcecode.c.objc; name = CCEventDispatcher.m; path = libs/cocos2d/Platforms/Mac/CCEventDispatcher.m; sourceTree = "<group>"; };
		C2506D301379F97B00DC2FC1 /* MacGLView.h */ = {isa = PBXFileReference; lastKnownFileType = sourcecode.c.h; name = MacGLView.h; path = libs/cocos2d/Platforms/Mac/MacGLView.h; sourceTree = "<group>"; };
		C2506D311379F97B00DC2FC1 /* MacGLView.m */ = {isa = PBXFileReference; lastKnownFileType = sourcecode.c.objc; name = MacGLView.m; path = libs/cocos2d/Platforms/Mac/MacGLView.m; sourceTree = "<group>"; };
		C2506D331379F97B00DC2FC1 /* MacWindow.h */ = {isa = PBXFileReference; lastKnownFileType = sourcecode.c.h; name = MacWindow.h; path = libs/cocos2d/Platforms/Mac/MacWindow.h; sourceTree = "<group>"; };
		C2506D341379F97B00DC2FC1 /* MacWindow.m */ = {isa = PBXFileReference; lastKnownFileType = sourcecode.c.objc; name = MacWindow.m; path = libs/cocos2d/Platforms/Mac/MacWindow.m; sourceTree = "<group>"; };
		C2506D361379F97B00DC2FC1 /* base64.c */ = {isa = PBXFileReference; lastKnownFileType = sourcecode.c.c; name = base64.c; path = libs/cocos2d/Support/base64.c; sourceTree = "<group>"; };
		C2506D381379F97B00DC2FC1 /* base64.h */ = {isa = PBXFileReference; lastKnownFileType = sourcecode.c.h; name = base64.h; path = libs/cocos2d/Support/base64.h; sourceTree = "<group>"; };
		C2506D391379F97B00DC2FC1 /* CCArray.h */ = {isa = PBXFileReference; lastKnownFileType = sourcecode.c.h; name = CCArray.h; path = libs/cocos2d/Support/CCArray.h; sourceTree = "<group>"; };
		C2506D3A1379F97B00DC2FC1 /* CCArray.m */ = {isa = PBXFileReference; lastKnownFileType = sourcecode.c.objc; name = CCArray.m; path = libs/cocos2d/Support/CCArray.m; sourceTree = "<group>"; };
		C2506D3C1379F97B00DC2FC1 /* ccCArray.h */ = {isa = PBXFileReference; lastKnownFileType = sourcecode.c.h; name = ccCArray.h; path = libs/cocos2d/Support/ccCArray.h; sourceTree = "<group>"; };
		C2506D3D1379F97B00DC2FC1 /* CCFileUtils.h */ = {isa = PBXFileReference; lastKnownFileType = sourcecode.c.h; name = CCFileUtils.h; path = libs/cocos2d/Support/CCFileUtils.h; sourceTree = "<group>"; };
		C2506D3E1379F97B00DC2FC1 /* CCFileUtils.m */ = {isa = PBXFileReference; lastKnownFileType = sourcecode.c.objc; name = CCFileUtils.m; path = libs/cocos2d/Support/CCFileUtils.m; sourceTree = "<group>"; };
		C2506D401379F97B00DC2FC1 /* CCProfiling.h */ = {isa = PBXFileReference; lastKnownFileType = sourcecode.c.h; name = CCProfiling.h; path = libs/cocos2d/Support/CCProfiling.h; sourceTree = "<group>"; };
		C2506D411379F97B00DC2FC1 /* CCProfiling.m */ = {isa = PBXFileReference; lastKnownFileType = sourcecode.c.objc; name = CCProfiling.m; path = libs/cocos2d/Support/CCProfiling.m; sourceTree = "<group>"; };
		C2506D431379F97B00DC2FC1 /* ccUtils.c */ = {isa = PBXFileReference; lastKnownFileType = sourcecode.c.c; name = ccUtils.c; path = libs/cocos2d/Support/ccUtils.c; sourceTree = "<group>"; };
		C2506D451379F97B00DC2FC1 /* ccUtils.h */ = {isa = PBXFileReference; lastKnownFileType = sourcecode.c.h; name = ccUtils.h; path = libs/cocos2d/Support/ccUtils.h; sourceTree = "<group>"; };
		C2506D461379F97B00DC2FC1 /* CGPointExtension.h */ = {isa = PBXFileReference; lastKnownFileType = sourcecode.c.h; name = CGPointExtension.h; path = libs/cocos2d/Support/CGPointExtension.h; sourceTree = "<group>"; };
		C2506D471379F97B00DC2FC1 /* CGPointExtension.m */ = {isa = PBXFileReference; lastKnownFileType = sourcecode.c.objc; name = CGPointExtension.m; path = libs/cocos2d/Support/CGPointExtension.m; sourceTree = "<group>"; };
		C2506D491379F97B00DC2FC1 /* OpenGL_Internal.h */ = {isa = PBXFileReference; lastKnownFileType = sourcecode.c.h; name = OpenGL_Internal.h; path = libs/cocos2d/Support/OpenGL_Internal.h; sourceTree = "<group>"; };
		C2506D4A1379F97B00DC2FC1 /* TGAlib.h */ = {isa = PBXFileReference; lastKnownFileType = sourcecode.c.h; name = TGAlib.h; path = libs/cocos2d/Support/TGAlib.h; sourceTree = "<group>"; };
		C2506D4B1379F97B00DC2FC1 /* TGAlib.m */ = {isa = PBXFileReference; lastKnownFileType = sourcecode.c.objc; name = TGAlib.m; path = libs/cocos2d/Support/TGAlib.m; sourceTree = "<group>"; };
		C2506D4D1379F97B00DC2FC1 /* TransformUtils.h */ = {isa = PBXFileReference; lastKnownFileType = sourcecode.c.h; name = TransformUtils.h; path = libs/cocos2d/Support/TransformUtils.h; sourceTree = "<group>"; };
		C2506D4E1379F97B00DC2FC1 /* TransformUtils.m */ = {isa = PBXFileReference; lastKnownFileType = sourcecode.c.objc; name = TransformUtils.m; path = libs/cocos2d/Support/TransformUtils.m; sourceTree = "<group>"; };
		C2506D501379F97B00DC2FC1 /* uthash.h */ = {isa = PBXFileReference; lastKnownFileType = sourcecode.c.h; name = uthash.h; path = libs/cocos2d/Support/uthash.h; sourceTree = "<group>"; };
		C2506D511379F97B00DC2FC1 /* utlist.h */ = {isa = PBXFileReference; lastKnownFileType = sourcecode.c.h; name = utlist.h; path = libs/cocos2d/Support/utlist.h; sourceTree = "<group>"; };
		C2506D521379F97B00DC2FC1 /* ZipUtils.h */ = {isa = PBXFileReference; lastKnownFileType = sourcecode.c.h; name = ZipUtils.h; path = libs/cocos2d/Support/ZipUtils.h; sourceTree = "<group>"; };
		C2506D531379F97B00DC2FC1 /* ZipUtils.m */ = {isa = PBXFileReference; lastKnownFileType = sourcecode.c.objc; name = ZipUtils.m; path = libs/cocos2d/Support/ZipUtils.m; sourceTree = "<group>"; };
		C2506D561379F97B00DC2FC1 /* CDAudioManager.h */ = {isa = PBXFileReference; lastKnownFileType = sourcecode.c.h; name = CDAudioManager.h; path = libs/CocosDenshion/CDAudioManager.h; sourceTree = "<group>"; };
		C2506D571379F97B00DC2FC1 /* CDAudioManager.m */ = {isa = PBXFileReference; lastKnownFileType = sourcecode.c.objc; name = CDAudioManager.m; path = libs/CocosDenshion/CDAudioManager.m; sourceTree = "<group>"; };
		C2506D591379F97B00DC2FC1 /* CDConfig.h */ = {isa = PBXFileReference; lastKnownFileType = sourcecode.c.h; name = CDConfig.h; path = libs/CocosDenshion/CDConfig.h; sourceTree = "<group>"; };
		C2506D5A1379F97B00DC2FC1 /* CDOpenALSupport.h */ = {isa = PBXFileReference; lastKnownFileType = sourcecode.c.h; name = CDOpenALSupport.h; path = libs/CocosDenshion/CDOpenALSupport.h; sourceTree = "<group>"; };
		C2506D5B1379F97B00DC2FC1 /* CDOpenALSupport.m */ = {isa = PBXFileReference; lastKnownFileType = sourcecode.c.objc; name = CDOpenALSupport.m; path = libs/CocosDenshion/CDOpenALSupport.m; sourceTree = "<group>"; };
		C2506D5D1379F97B00DC2FC1 /* CocosDenshion.h */ = {isa = PBXFileReference; lastKnownFileType = sourcecode.c.h; name = CocosDenshion.h; path = libs/CocosDenshion/CocosDenshion.h; sourceTree = "<group>"; };
		C2506D5E1379F97B00DC2FC1 /* CocosDenshion.m */ = {isa = PBXFileReference; lastKnownFileType = sourcecode.c.objc; name = CocosDenshion.m; path = libs/CocosDenshion/CocosDenshion.m; sourceTree = "<group>"; };
		C2506D601379F97B00DC2FC1 /* SimpleAudioEngine.h */ = {isa = PBXFileReference; lastKnownFileType = sourcecode.c.h; name = SimpleAudioEngine.h; path = libs/CocosDenshion/SimpleAudioEngine.h; sourceTree = "<group>"; };
		C2506D611379F97B00DC2FC1 /* SimpleAudioEngine.m */ = {isa = PBXFileReference; lastKnownFileType = sourcecode.c.objc; name = SimpleAudioEngine.m; path = libs/CocosDenshion/SimpleAudioEngine.m; sourceTree = "<group>"; };
		C2506D641379F97B00DC2FC1 /* CLScoreServerPost.h */ = {isa = PBXFileReference; lastKnownFileType = sourcecode.c.h; name = CLScoreServerPost.h; path = libs/cocoslive/CLScoreServerPost.h; sourceTree = "<group>"; };
		C2506D651379F97B00DC2FC1 /* CLScoreServerPost.m */ = {isa = PBXFileReference; lastKnownFileType = sourcecode.c.objc; name = CLScoreServerPost.m; path = libs/cocoslive/CLScoreServerPost.m; sourceTree = "<group>"; };
		C2506D671379F97B00DC2FC1 /* CLScoreServerRequest.h */ = {isa = PBXFileReference; lastKnownFileType = sourcecode.c.h; name = CLScoreServerRequest.h; path = libs/cocoslive/CLScoreServerRequest.h; sourceTree = "<group>"; };
		C2506D681379F97B00DC2FC1 /* CLScoreServerRequest.m */ = {isa = PBXFileReference; lastKnownFileType = sourcecode.c.objc; name = CLScoreServerRequest.m; path = libs/cocoslive/CLScoreServerRequest.m; sourceTree = "<group>"; };
		C2506D6A1379F97B00DC2FC1 /* cocoslive.h */ = {isa = PBXFileReference; lastKnownFileType = sourcecode.c.h; name = cocoslive.h; path = libs/cocoslive/cocoslive.h; sourceTree = "<group>"; };
		C2506D6B1379F97B00DC2FC1 /* cocoslive.m */ = {isa = PBXFileReference; lastKnownFileType = sourcecode.c.objc; name = cocoslive.m; path = libs/cocoslive/cocoslive.m; sourceTree = "<group>"; };
		C2506D6E1379F97B00DC2FC1 /* FontLabel.h */ = {isa = PBXFileReference; lastKnownFileType = sourcecode.c.h; name = FontLabel.h; path = libs/FontLabel/FontLabel.h; sourceTree = "<group>"; };
		C2506D6F1379F97B00DC2FC1 /* FontLabel.m */ = {isa = PBXFileReference; lastKnownFileType = sourcecode.c.objc; name = FontLabel.m; path = libs/FontLabel/FontLabel.m; sourceTree = "<group>"; };
		C2506D711379F97B00DC2FC1 /* FontLabelStringDrawing.h */ = {isa = PBXFileReference; lastKnownFileType = sourcecode.c.h; name = FontLabelStringDrawing.h; path = libs/FontLabel/FontLabelStringDrawing.h; sourceTree = "<group>"; };
		C2506D721379F97B00DC2FC1 /* FontLabelStringDrawing.m */ = {isa = PBXFileReference; lastKnownFileType = sourcecode.c.objc; name = FontLabelStringDrawing.m; path = libs/FontLabel/FontLabelStringDrawing.m; sourceTree = "<group>"; };
		C2506D741379F97B00DC2FC1 /* FontManager.h */ = {isa = PBXFileReference; lastKnownFileType = sourcecode.c.h; name = FontManager.h; path = libs/FontLabel/FontManager.h; sourceTree = "<group>"; };
		C2506D751379F97B00DC2FC1 /* FontManager.m */ = {isa = PBXFileReference; lastKnownFileType = sourcecode.c.objc; name = FontManager.m; path = libs/FontLabel/FontManager.m; sourceTree = "<group>"; };
		C2506D771379F97B00DC2FC1 /* ZAttributedString.h */ = {isa = PBXFileReference; lastKnownFileType = sourcecode.c.h; name = ZAttributedString.h; path = libs/FontLabel/ZAttributedString.h; sourceTree = "<group>"; };
		C2506D781379F97B00DC2FC1 /* ZAttributedString.m */ = {isa = PBXFileReference; lastKnownFileType = sourcecode.c.objc; name = ZAttributedString.m; path = libs/FontLabel/ZAttributedString.m; sourceTree = "<group>"; };
		C2506D7A1379F97B00DC2FC1 /* ZAttributedStringPrivate.h */ = {isa = PBXFileReference; lastKnownFileType = sourcecode.c.h; name = ZAttributedStringPrivate.h; path = libs/FontLabel/ZAttributedStringPrivate.h; sourceTree = "<group>"; };
		C2506D7B1379F97B00DC2FC1 /* ZFont.h */ = {isa = PBXFileReference; lastKnownFileType = sourcecode.c.h; name = ZFont.h; path = libs/FontLabel/ZFont.h; sourceTree = "<group>"; };
		C2506D7C1379F97B00DC2FC1 /* ZFont.m */ = {isa = PBXFileReference; lastKnownFileType = sourcecode.c.objc; name = ZFont.m; path = libs/FontLabel/ZFont.m; sourceTree = "<group>"; };
		C2506D7F1379F97B00DC2FC1 /* CDataScanner.h */ = {isa = PBXFileReference; lastKnownFileType = sourcecode.c.h; name = CDataScanner.h; path = libs/TouchJSON/CDataScanner.h; sourceTree = "<group>"; };
		C2506D801379F97B00DC2FC1 /* CDataScanner.m */ = {isa = PBXFileReference; lastKnownFileType = sourcecode.c.objc; name = CDataScanner.m; path = libs/TouchJSON/CDataScanner.m; sourceTree = "<group>"; };
		C2506D821379F97B00DC2FC1 /* CDataScanner_Extensions.h */ = {isa = PBXFileReference; lastKnownFileType = sourcecode.c.h; name = CDataScanner_Extensions.h; path = libs/TouchJSON/Extensions/CDataScanner_Extensions.h; sourceTree = "<group>"; };
		C2506D831379F97B00DC2FC1 /* CDataScanner_Extensions.m */ = {isa = PBXFileReference; lastKnownFileType = sourcecode.c.objc; name = CDataScanner_Extensions.m; path = libs/TouchJSON/Extensions/CDataScanner_Extensions.m; sourceTree = "<group>"; };
		C2506D851379F97C00DC2FC1 /* NSDictionary_JSONExtensions.h */ = {isa = PBXFileReference; lastKnownFileType = sourcecode.c.h; name = NSDictionary_JSONExtensions.h; path = libs/TouchJSON/Extensions/NSDictionary_JSONExtensions.h; sourceTree = "<group>"; };
		C2506D861379F97C00DC2FC1 /* NSDictionary_JSONExtensions.m */ = {isa = PBXFileReference; lastKnownFileType = sourcecode.c.objc; name = NSDictionary_JSONExtensions.m; path = libs/TouchJSON/Extensions/NSDictionary_JSONExtensions.m; sourceTree = "<group>"; };
		C2506D881379F97C00DC2FC1 /* CJSONDeserializer.h */ = {isa = PBXFileReference; lastKnownFileType = sourcecode.c.h; name = CJSONDeserializer.h; path = libs/TouchJSON/JSON/CJSONDeserializer.h; sourceTree = "<group>"; };
		C2506D891379F97C00DC2FC1 /* CJSONDeserializer.m */ = {isa = PBXFileReference; lastKnownFileType = sourcecode.c.objc; name = CJSONDeserializer.m; path = libs/TouchJSON/JSON/CJSONDeserializer.m; sourceTree = "<group>"; };
		C2506D8B1379F97C00DC2FC1 /* CJSONScanner.h */ = {isa = PBXFileReference; lastKnownFileType = sourcecode.c.h; name = CJSONScanner.h; path = libs/TouchJSON/JSON/CJSONScanner.h; sourceTree = "<group>"; };
		C2506D8C1379F97C00DC2FC1 /* CJSONScanner.m */ = {isa = PBXFileReference; lastKnownFileType = sourcecode.c.objc; name = CJSONScanner.m; path = libs/TouchJSON/JSON/CJSONScanner.m; sourceTree = "<group>"; };
		C2506D8E1379F97C00DC2FC1 /* CJSONSerializer.h */ = {isa = PBXFileReference; lastKnownFileType = sourcecode.c.h; name = CJSONSerializer.h; path = libs/TouchJSON/JSON/CJSONSerializer.h; sourceTree = "<group>"; };
		C2506D8F1379F97C00DC2FC1 /* CJSONSerializer.m */ = {isa = PBXFileReference; lastKnownFileType = sourcecode.c.objc; name = CJSONSerializer.m; path = libs/TouchJSON/JSON/CJSONSerializer.m; sourceTree = "<group>"; };
		C2506D911379F97C00DC2FC1 /* JSONRepresentation.h */ = {isa = PBXFileReference; lastKnownFileType = sourcecode.c.h; name = JSONRepresentation.h; path = libs/TouchJSON/JSON/JSONRepresentation.h; sourceTree = "<group>"; };
		C2506D931379F97C00DC2FC1 /* Prefix.pch */ = {isa = PBXFileReference; lastKnownFileType = sourcecode.c.h; path = Prefix.pch; sourceTree = "<group>"; };
		C2506D941379F97C00DC2FC1 /* main.m */ = {isa = PBXFileReference; lastKnownFileType = sourcecode.c.objc; path = main.m; sourceTree = "<group>"; };
		C2506D961379F97C00DC2FC1 /* AppDelegate.h */ = {isa = PBXFileReference; lastKnownFileType = sourcecode.c.h; path = AppDelegate.h; sourceTree = "<group>"; };
		C2506D971379F97C00DC2FC1 /* AppDelegate.m */ = {isa = PBXFileReference; lastKnownFileType = sourcecode.c.objc; path = AppDelegate.m; sourceTree = "<group>"; };
		C2506D991379F97C00DC2FC1 /* RootViewController.h */ = {isa = PBXFileReference; lastKnownFileType = sourcecode.c.h; path = RootViewController.h; sourceTree = "<group>"; };
		C2506D9A1379F97C00DC2FC1 /* RootViewController.m */ = {isa = PBXFileReference; lastKnownFileType = sourcecode.c.objc; path = RootViewController.m; sourceTree = "<group>"; };
		C2506D9F1379F97C00DC2FC1 /* GameConfig.h */ = {isa = PBXFileReference; lastKnownFileType = sourcecode.c.h; path = GameConfig.h; sourceTree = "<group>"; };
		C2506DA51379F9FE00DC2FC1 /* MusicPad.h */ = {isa = PBXFileReference; fileEncoding = 4; lastKnownFileType = sourcecode.c.h; path = MusicPad.h; sourceTree = "<group>"; };
		C2506DA61379F9FE00DC2FC1 /* MusicPad.m */ = {isa = PBXFileReference; fileEncoding = 4; lastKnownFileType = sourcecode.c.objc; path = MusicPad.m; sourceTree = "<group>"; };
		C2506DAA1379FCF200DC2FC1 /* MusicInterface.h */ = {isa = PBXFileReference; fileEncoding = 4; lastKnownFileType = sourcecode.c.h; path = MusicInterface.h; sourceTree = "<group>"; };
		C2506DAB1379FCF200DC2FC1 /* MusicInterface.m */ = {isa = PBXFileReference; fileEncoding = 4; lastKnownFileType = sourcecode.c.objc; path = MusicInterface.m; sourceTree = "<group>"; };
		C2506DB0137A092D00DC2FC1 /* button.png */ = {isa = PBXFileReference; lastKnownFileType = image.png; path = button.png; sourceTree = "<group>"; };
		C2766CC7138B19EC00AD5623 /* MusicLayer.h */ = {isa = PBXFileReference; fileEncoding = 4; lastKnownFileType = sourcecode.c.h; path = MusicLayer.h; sourceTree = "<group>"; };
		C2766CC8138B19EC00AD5623 /* MusicLayer.m */ = {isa = PBXFileReference; fileEncoding = 4; lastKnownFileType = sourcecode.c.objc; path = MusicLayer.m; sourceTree = "<group>"; };
		EB251BA01540B7E10057F45B /* 6.mp3 */ = {isa = PBXFileReference; lastKnownFileType = audio.mp3; path = 6.mp3; sourceTree = "<group>"; };
/* End PBXFileReference section */

/* Begin PBXFrameworksBuildPhase section */
		C2506C381379F97800DC2FC1 /* Frameworks */ = {
			isa = PBXFrameworksBuildPhase;
			buildActionMask = 2147483647;
			files = (
				C2506C401379F97800DC2FC1 /* QuartzCore.framework in Frameworks */,
				C2506C421379F97800DC2FC1 /* OpenGLES.framework in Frameworks */,
				C2506C441379F97800DC2FC1 /* OpenAL.framework in Frameworks */,
				C2506C461379F97800DC2FC1 /* AudioToolbox.framework in Frameworks */,
				C2506C481379F97800DC2FC1 /* AVFoundation.framework in Frameworks */,
				C2506C4A1379F97800DC2FC1 /* UIKit.framework in Frameworks */,
				C2506C4C1379F97800DC2FC1 /* Foundation.framework in Frameworks */,
				C2506C4E1379F97800DC2FC1 /* CoreGraphics.framework in Frameworks */,
			);
			runOnlyForDeploymentPostprocessing = 0;
		};
/* End PBXFrameworksBuildPhase section */

/* Begin PBXGroup section */
		C2506C301379F97800DC2FC1 = {
			isa = PBXGroup;
			children = (
				C2506C4F1379F97800DC2FC1 /* MusicApp */,
				C2506C3E1379F97800DC2FC1 /* Frameworks */,
				C2506C3C1379F97800DC2FC1 /* Products */,
			);
			sourceTree = "<group>";
		};
		C2506C3C1379F97800DC2FC1 /* Products */ = {
			isa = PBXGroup;
			children = (
				C2506C3B1379F97800DC2FC1 /* MusicApp.app */,
			);
			name = Products;
			sourceTree = "<group>";
		};
		C2506C3E1379F97800DC2FC1 /* Frameworks */ = {
			isa = PBXGroup;
			children = (
				C2506C3F1379F97800DC2FC1 /* QuartzCore.framework */,
				C2506C411379F97800DC2FC1 /* OpenGLES.framework */,
				C2506C431379F97800DC2FC1 /* OpenAL.framework */,
				C2506C451379F97800DC2FC1 /* AudioToolbox.framework */,
				C2506C471379F97800DC2FC1 /* AVFoundation.framework */,
				C2506C491379F97800DC2FC1 /* UIKit.framework */,
				C2506C4B1379F97800DC2FC1 /* Foundation.framework */,
				C2506C4D1379F97800DC2FC1 /* CoreGraphics.framework */,
			);
			name = Frameworks;
			sourceTree = "<group>";
		};
		C2506C4F1379F97800DC2FC1 /* MusicApp */ = {
			isa = PBXGroup;
			children = (
				C2506D961379F97C00DC2FC1 /* AppDelegate.h */,
				C2506D971379F97C00DC2FC1 /* AppDelegate.m */,
				C2506D991379F97C00DC2FC1 /* RootViewController.h */,
				C2506D9A1379F97C00DC2FC1 /* RootViewController.m */,
				C2506D9F1379F97C00DC2FC1 /* GameConfig.h */,
				C2506DA51379F9FE00DC2FC1 /* MusicPad.h */,
				C2506DA61379F9FE00DC2FC1 /* MusicPad.m */,
				C2506DAA1379FCF200DC2FC1 /* MusicInterface.h */,
				C2506DAB1379FCF200DC2FC1 /* MusicInterface.m */,
				C2766CC7138B19EC00AD5623 /* MusicLayer.h */,
				C2766CC8138B19EC00AD5623 /* MusicLayer.m */,
				C2506C501379F97800DC2FC1 /* Resources */,
				C2506C641379F97900DC2FC1 /* cocos2d */,
				C2506D551379F97B00DC2FC1 /* CocosDenshion */,
				C2506D631379F97B00DC2FC1 /* cocoslive */,
				C2506D6D1379F97B00DC2FC1 /* FontLabel */,
				C2506D7E1379F97B00DC2FC1 /* TouchJSON */,
				C2506D921379F97C00DC2FC1 /* Supporting Files */,
			);
			path = MusicApp;
			sourceTree = "<group>";
		};
		C2506C501379F97800DC2FC1 /* Resources */ = {
			isa = PBXGroup;
			children = (
				C2466563137A2EBA00835E3A /* 5.mp3 */,
				EB251BA01540B7E10057F45B /* 6.mp3 */,
				C2466564137A2EBA00835E3A /* 4.mp3 */,
				C2466565137A2EBA00835E3A /* 3.mp3 */,
				C2466566137A2EBA00835E3A /* 2.mp3 */,
				C2466567137A2EBA00835E3A /* 1.mp3 */,
				C2466568137A2EBA00835E3A /* 0.mp3 */,
				C246656F137A2F9D00835E3A /* playButton.png */,
				C2506DB0137A092D00DC2FC1 /* button.png */,
				C2506C511379F97800DC2FC1 /* Default.png */,
				C2506C531379F97800DC2FC1 /* fps_images.png */,
				C2506C551379F97800DC2FC1 /* Icon-72.png */,
				C2506C571379F97800DC2FC1 /* Icon-Small-50.png */,
				C2506C591379F97800DC2FC1 /* Icon-Small.png */,
				C2506C5B1379F97800DC2FC1 /* Icon-Small@2x.png */,
				C2506C5D1379F97800DC2FC1 /* Icon.png */,
				C2506C5F1379F97900DC2FC1 /* Icon@2x.png */,
				C2506C611379F97900DC2FC1 /* Info.plist */,
				C2506C621379F97900DC2FC1 /* iTunesArtwork */,
			);
			name = Resources;
			sourceTree = "<group>";
		};
		C2506C641379F97900DC2FC1 /* cocos2d */ = {
			isa = PBXGroup;
			children = (
				C2506C651379F97900DC2FC1 /* CCAction.h */,
				C2506C661379F97900DC2FC1 /* CCAction.m */,
				C2506C681379F97900DC2FC1 /* CCActionCamera.h */,
				C2506C691379F97900DC2FC1 /* CCActionCamera.m */,
				C2506C6B1379F97900DC2FC1 /* CCActionEase.h */,
				C2506C6C1379F97900DC2FC1 /* CCActionEase.m */,
				C2506C6E1379F97900DC2FC1 /* CCActionGrid.h */,
				C2506C6F1379F97900DC2FC1 /* CCActionGrid.m */,
				C2506C711379F97900DC2FC1 /* CCActionGrid3D.h */,
				C2506C721379F97900DC2FC1 /* CCActionGrid3D.m */,
				C2506C741379F97900DC2FC1 /* CCActionInstant.h */,
				C2506C751379F97900DC2FC1 /* CCActionInstant.m */,
				C2506C771379F97900DC2FC1 /* CCActionInterval.h */,
				C2506C781379F97900DC2FC1 /* CCActionInterval.m */,
				C2506C7A1379F97900DC2FC1 /* CCActionManager.h */,
				C2506C7B1379F97900DC2FC1 /* CCActionManager.m */,
				C2506C7D1379F97900DC2FC1 /* CCActionPageTurn3D.h */,
				C2506C7E1379F97900DC2FC1 /* CCActionPageTurn3D.m */,
				C2506C801379F97900DC2FC1 /* CCActionProgressTimer.h */,
				C2506C811379F97900DC2FC1 /* CCActionProgressTimer.m */,
				C2506C831379F97900DC2FC1 /* CCActionTiledGrid.h */,
				C2506C841379F97900DC2FC1 /* CCActionTiledGrid.m */,
				C2506C861379F97900DC2FC1 /* CCActionTween.h */,
				C2506C871379F97900DC2FC1 /* CCActionTween.m */,
				C2506C891379F97900DC2FC1 /* CCAnimation.h */,
				C2506C8A1379F97900DC2FC1 /* CCAnimation.m */,
				C2506C8C1379F97900DC2FC1 /* CCAnimationCache.h */,
				C2506C8D1379F97900DC2FC1 /* CCAnimationCache.m */,
				C2506C8F1379F97900DC2FC1 /* CCAtlasNode.h */,
				C2506C901379F97900DC2FC1 /* CCAtlasNode.m */,
				C2506C921379F97900DC2FC1 /* CCBlockSupport.h */,
				C2506C931379F97900DC2FC1 /* CCBlockSupport.m */,
				C2506C951379F97900DC2FC1 /* CCCamera.h */,
				C2506C961379F97900DC2FC1 /* CCCamera.m */,
				C2506C981379F97900DC2FC1 /* ccConfig.h */,
				C2506C991379F97900DC2FC1 /* CCConfiguration.h */,
				C2506C9A1379F97900DC2FC1 /* CCConfiguration.m */,
				C2506C9C1379F97900DC2FC1 /* CCDirector.h */,
				C2506C9D1379F97900DC2FC1 /* CCDirector.m */,
				C2506C9F1379F97900DC2FC1 /* CCDrawingPrimitives.h */,
				C2506CA01379F97900DC2FC1 /* CCDrawingPrimitives.m */,
				C2506CA21379F97900DC2FC1 /* CCGrabber.h */,
				C2506CA31379F97900DC2FC1 /* CCGrabber.m */,
				C2506CA51379F97900DC2FC1 /* CCGrid.h */,
				C2506CA61379F97900DC2FC1 /* CCGrid.m */,
				C2506CA81379F97A00DC2FC1 /* CCLabelAtlas.h */,
				C2506CA91379F97A00DC2FC1 /* CCLabelAtlas.m */,
				C2506CAB1379F97A00DC2FC1 /* CCLabelBMFont.h */,
				C2506CAC1379F97A00DC2FC1 /* CCLabelBMFont.m */,
				C2506CAE1379F97A00DC2FC1 /* CCLabelTTF.h */,
				C2506CAF1379F97A00DC2FC1 /* CCLabelTTF.m */,
				C2506CB11379F97A00DC2FC1 /* CCLayer.h */,
				C2506CB21379F97A00DC2FC1 /* CCLayer.m */,
				C2506CB41379F97A00DC2FC1 /* ccMacros.h */,
				C2506CB51379F97A00DC2FC1 /* CCMenu.h */,
				C2506CB61379F97A00DC2FC1 /* CCMenu.m */,
				C2506CB81379F97A00DC2FC1 /* CCMenuItem.h */,
				C2506CB91379F97A00DC2FC1 /* CCMenuItem.m */,
				C2506CBB1379F97A00DC2FC1 /* CCMotionStreak.h */,
				C2506CBC1379F97A00DC2FC1 /* CCMotionStreak.m */,
				C2506CBE1379F97A00DC2FC1 /* CCNode.h */,
				C2506CBF1379F97A00DC2FC1 /* CCNode.m */,
				C2506CC11379F97A00DC2FC1 /* CCParallaxNode.h */,
				C2506CC21379F97A00DC2FC1 /* CCParallaxNode.m */,
				C2506CC41379F97A00DC2FC1 /* CCParticleExamples.h */,
				C2506CC51379F97A00DC2FC1 /* CCParticleExamples.m */,
				C2506CC71379F97A00DC2FC1 /* CCParticleSystem.h */,
				C2506CC81379F97A00DC2FC1 /* CCParticleSystem.m */,
				C2506CCA1379F97A00DC2FC1 /* CCParticleSystemPoint.h */,
				C2506CCB1379F97A00DC2FC1 /* CCParticleSystemPoint.m */,
				C2506CCD1379F97A00DC2FC1 /* CCParticleSystemQuad.h */,
				C2506CCE1379F97A00DC2FC1 /* CCParticleSystemQuad.m */,
				C2506CD01379F97A00DC2FC1 /* CCProgressTimer.h */,
				C2506CD11379F97A00DC2FC1 /* CCProgressTimer.m */,
				C2506CD31379F97A00DC2FC1 /* CCProtocols.h */,
				C2506CD41379F97A00DC2FC1 /* CCRenderTexture.h */,
				C2506CD51379F97A00DC2FC1 /* CCRenderTexture.m */,
				C2506CD71379F97A00DC2FC1 /* CCRibbon.h */,
				C2506CD81379F97A00DC2FC1 /* CCRibbon.m */,
				C2506CDA1379F97A00DC2FC1 /* CCScene.h */,
				C2506CDB1379F97A00DC2FC1 /* CCScene.m */,
				C2506CDD1379F97A00DC2FC1 /* CCScheduler.h */,
				C2506CDE1379F97A00DC2FC1 /* CCScheduler.m */,
				C2506CE01379F97A00DC2FC1 /* CCSprite.h */,
				C2506CE11379F97A00DC2FC1 /* CCSprite.m */,
				C2506CE31379F97A00DC2FC1 /* CCSpriteBatchNode.h */,
				C2506CE41379F97A00DC2FC1 /* CCSpriteBatchNode.m */,
				C2506CE61379F97A00DC2FC1 /* CCSpriteFrame.h */,
				C2506CE71379F97A00DC2FC1 /* CCSpriteFrame.m */,
				C2506CE91379F97A00DC2FC1 /* CCSpriteFrameCache.h */,
				C2506CEA1379F97A00DC2FC1 /* CCSpriteFrameCache.m */,
				C2506CEC1379F97A00DC2FC1 /* CCTexture2D.h */,
				C2506CED1379F97A00DC2FC1 /* CCTexture2D.m */,
				C2506CEF1379F97A00DC2FC1 /* CCTextureAtlas.h */,
				C2506CF01379F97A00DC2FC1 /* CCTextureAtlas.m */,
				C2506CF21379F97A00DC2FC1 /* CCTextureCache.h */,
				C2506CF31379F97A00DC2FC1 /* CCTextureCache.m */,
				C2506CF51379F97A00DC2FC1 /* CCTexturePVR.h */,
				C2506CF61379F97A00DC2FC1 /* CCTexturePVR.m */,
				C2506CF81379F97A00DC2FC1 /* CCTileMapAtlas.h */,
				C2506CF91379F97A00DC2FC1 /* CCTileMapAtlas.m */,
				C2506CFB1379F97A00DC2FC1 /* CCTMXLayer.h */,
				C2506CFC1379F97A00DC2FC1 /* CCTMXLayer.m */,
				C2506CFE1379F97A00DC2FC1 /* CCTMXObjectGroup.h */,
				C2506CFF1379F97A00DC2FC1 /* CCTMXObjectGroup.m */,
				C2506D011379F97A00DC2FC1 /* CCTMXTiledMap.h */,
				C2506D021379F97A00DC2FC1 /* CCTMXTiledMap.m */,
				C2506D041379F97A00DC2FC1 /* CCTMXXMLParser.h */,
				C2506D051379F97A00DC2FC1 /* CCTMXXMLParser.m */,
				C2506D071379F97A00DC2FC1 /* CCTransition.h */,
				C2506D081379F97A00DC2FC1 /* CCTransition.m */,
				C2506D0A1379F97A00DC2FC1 /* CCTransitionPageTurn.h */,
				C2506D0B1379F97A00DC2FC1 /* CCTransitionPageTurn.m */,
				C2506D0D1379F97A00DC2FC1 /* CCTransitionRadial.h */,
				C2506D0E1379F97B00DC2FC1 /* CCTransitionRadial.m */,
				C2506D101379F97B00DC2FC1 /* ccTypes.h */,
				C2506D111379F97B00DC2FC1 /* cocos2d.h */,
				C2506D121379F97B00DC2FC1 /* cocos2d.m */,
				C2506D141379F97B00DC2FC1 /* CCGL.h */,
				C2506D151379F97B00DC2FC1 /* CCNS.h */,
				C2506D161379F97B00DC2FC1 /* CCDirectorIOS.h */,
				C2506D171379F97B00DC2FC1 /* CCDirectorIOS.m */,
				C2506D191379F97B00DC2FC1 /* CCTouchDelegateProtocol.h */,
				C2506D1A1379F97B00DC2FC1 /* CCTouchDispatcher.h */,
				C2506D1B1379F97B00DC2FC1 /* CCTouchDispatcher.m */,
				C2506D1D1379F97B00DC2FC1 /* CCTouchHandler.h */,
				C2506D1E1379F97B00DC2FC1 /* CCTouchHandler.m */,
				C2506D201379F97B00DC2FC1 /* EAGLView.h */,
				C2506D211379F97B00DC2FC1 /* EAGLView.m */,
				C2506D231379F97B00DC2FC1 /* ES1Renderer.h */,
				C2506D241379F97B00DC2FC1 /* ES1Renderer.m */,
				C2506D261379F97B00DC2FC1 /* ESRenderer.h */,
				C2506D271379F97B00DC2FC1 /* glu.c */,
				C2506D291379F97B00DC2FC1 /* glu.h */,
				C2506D2A1379F97B00DC2FC1 /* CCDirectorMac.h */,
				C2506D2B1379F97B00DC2FC1 /* CCDirectorMac.m */,
				C2506D2D1379F97B00DC2FC1 /* CCEventDispatcher.h */,
				C2506D2E1379F97B00DC2FC1 /* CCEventDispatcher.m */,
				C2506D301379F97B00DC2FC1 /* MacGLView.h */,
				C2506D311379F97B00DC2FC1 /* MacGLView.m */,
				C2506D331379F97B00DC2FC1 /* MacWindow.h */,
				C2506D341379F97B00DC2FC1 /* MacWindow.m */,
				C2506D361379F97B00DC2FC1 /* base64.c */,
				C2506D381379F97B00DC2FC1 /* base64.h */,
				C2506D391379F97B00DC2FC1 /* CCArray.h */,
				C2506D3A1379F97B00DC2FC1 /* CCArray.m */,
				C2506D3C1379F97B00DC2FC1 /* ccCArray.h */,
				C2506D3D1379F97B00DC2FC1 /* CCFileUtils.h */,
				C2506D3E1379F97B00DC2FC1 /* CCFileUtils.m */,
				C2506D401379F97B00DC2FC1 /* CCProfiling.h */,
				C2506D411379F97B00DC2FC1 /* CCProfiling.m */,
				C2506D431379F97B00DC2FC1 /* ccUtils.c */,
				C2506D451379F97B00DC2FC1 /* ccUtils.h */,
				C2506D461379F97B00DC2FC1 /* CGPointExtension.h */,
				C2506D471379F97B00DC2FC1 /* CGPointExtension.m */,
				C2506D491379F97B00DC2FC1 /* OpenGL_Internal.h */,
				C2506D4A1379F97B00DC2FC1 /* TGAlib.h */,
				C2506D4B1379F97B00DC2FC1 /* TGAlib.m */,
				C2506D4D1379F97B00DC2FC1 /* TransformUtils.h */,
				C2506D4E1379F97B00DC2FC1 /* TransformUtils.m */,
				C2506D501379F97B00DC2FC1 /* uthash.h */,
				C2506D511379F97B00DC2FC1 /* utlist.h */,
				C2506D521379F97B00DC2FC1 /* ZipUtils.h */,
				C2506D531379F97B00DC2FC1 /* ZipUtils.m */,
			);
			name = cocos2d;
			sourceTree = "<group>";
		};
		C2506D551379F97B00DC2FC1 /* CocosDenshion */ = {
			isa = PBXGroup;
			children = (
				C2506D561379F97B00DC2FC1 /* CDAudioManager.h */,
				C2506D571379F97B00DC2FC1 /* CDAudioManager.m */,
				C2506D591379F97B00DC2FC1 /* CDConfig.h */,
				C2506D5A1379F97B00DC2FC1 /* CDOpenALSupport.h */,
				C2506D5B1379F97B00DC2FC1 /* CDOpenALSupport.m */,
				C2506D5D1379F97B00DC2FC1 /* CocosDenshion.h */,
				C2506D5E1379F97B00DC2FC1 /* CocosDenshion.m */,
				C2506D601379F97B00DC2FC1 /* SimpleAudioEngine.h */,
				C2506D611379F97B00DC2FC1 /* SimpleAudioEngine.m */,
			);
			name = CocosDenshion;
			sourceTree = "<group>";
		};
		C2506D631379F97B00DC2FC1 /* cocoslive */ = {
			isa = PBXGroup;
			children = (
				C2506D641379F97B00DC2FC1 /* CLScoreServerPost.h */,
				C2506D651379F97B00DC2FC1 /* CLScoreServerPost.m */,
				C2506D671379F97B00DC2FC1 /* CLScoreServerRequest.h */,
				C2506D681379F97B00DC2FC1 /* CLScoreServerRequest.m */,
				C2506D6A1379F97B00DC2FC1 /* cocoslive.h */,
				C2506D6B1379F97B00DC2FC1 /* cocoslive.m */,
			);
			name = cocoslive;
			sourceTree = "<group>";
		};
		C2506D6D1379F97B00DC2FC1 /* FontLabel */ = {
			isa = PBXGroup;
			children = (
				C2506D6E1379F97B00DC2FC1 /* FontLabel.h */,
				C2506D6F1379F97B00DC2FC1 /* FontLabel.m */,
				C2506D711379F97B00DC2FC1 /* FontLabelStringDrawing.h */,
				C2506D721379F97B00DC2FC1 /* FontLabelStringDrawing.m */,
				C2506D741379F97B00DC2FC1 /* FontManager.h */,
				C2506D751379F97B00DC2FC1 /* FontManager.m */,
				C2506D771379F97B00DC2FC1 /* ZAttributedString.h */,
				C2506D781379F97B00DC2FC1 /* ZAttributedString.m */,
				C2506D7A1379F97B00DC2FC1 /* ZAttributedStringPrivate.h */,
				C2506D7B1379F97B00DC2FC1 /* ZFont.h */,
				C2506D7C1379F97B00DC2FC1 /* ZFont.m */,
			);
			name = FontLabel;
			sourceTree = "<group>";
		};
		C2506D7E1379F97B00DC2FC1 /* TouchJSON */ = {
			isa = PBXGroup;
			children = (
				C2506D7F1379F97B00DC2FC1 /* CDataScanner.h */,
				C2506D801379F97B00DC2FC1 /* CDataScanner.m */,
				C2506D821379F97B00DC2FC1 /* CDataScanner_Extensions.h */,
				C2506D831379F97B00DC2FC1 /* CDataScanner_Extensions.m */,
				C2506D851379F97C00DC2FC1 /* NSDictionary_JSONExtensions.h */,
				C2506D861379F97C00DC2FC1 /* NSDictionary_JSONExtensions.m */,
				C2506D881379F97C00DC2FC1 /* CJSONDeserializer.h */,
				C2506D891379F97C00DC2FC1 /* CJSONDeserializer.m */,
				C2506D8B1379F97C00DC2FC1 /* CJSONScanner.h */,
				C2506D8C1379F97C00DC2FC1 /* CJSONScanner.m */,
				C2506D8E1379F97C00DC2FC1 /* CJSONSerializer.h */,
				C2506D8F1379F97C00DC2FC1 /* CJSONSerializer.m */,
				C2506D911379F97C00DC2FC1 /* JSONRepresentation.h */,
			);
			name = TouchJSON;
			sourceTree = "<group>";
		};
		C2506D921379F97C00DC2FC1 /* Supporting Files */ = {
			isa = PBXGroup;
			children = (
				C2506D931379F97C00DC2FC1 /* Prefix.pch */,
				C2506D941379F97C00DC2FC1 /* main.m */,
			);
			name = "Supporting Files";
			sourceTree = "<group>";
		};
/* End PBXGroup section */

/* Begin PBXNativeTarget section */
		C2506C3A1379F97800DC2FC1 /* MusicApp */ = {
			isa = PBXNativeTarget;
			buildConfigurationList = C2506DA21379F97C00DC2FC1 /* Build configuration list for PBXNativeTarget "MusicApp" */;
			buildPhases = (
				C2506C371379F97800DC2FC1 /* Sources */,
				C2506C381379F97800DC2FC1 /* Frameworks */,
				C2506C391379F97800DC2FC1 /* Resources */,
			);
			buildRules = (
			);
			dependencies = (
			);
			name = MusicApp;
			productName = MusicApp;
			productReference = C2506C3B1379F97800DC2FC1 /* MusicApp.app */;
			productType = "com.apple.product-type.application";
		};
/* End PBXNativeTarget section */

/* Begin PBXProject section */
		C2506C321379F97800DC2FC1 /* Project object */ = {
			isa = PBXProject;
			attributes = {
				LastUpgradeCheck = 0420;
			};
			buildConfigurationList = C2506C351379F97800DC2FC1 /* Build configuration list for PBXProject "MusicApp" */;
			compatibilityVersion = "Xcode 3.2";
			developmentRegion = English;
			hasScannedForEncodings = 0;
			knownRegions = (
				en,
			);
			mainGroup = C2506C301379F97800DC2FC1;
			productRefGroup = C2506C3C1379F97800DC2FC1 /* Products */;
			projectDirPath = "";
			projectRoot = "";
			targets = (
				C2506C3A1379F97800DC2FC1 /* MusicApp */,
			);
		};
/* End PBXProject section */

/* Begin PBXResourcesBuildPhase section */
		C2506C391379F97800DC2FC1 /* Resources */ = {
			isa = PBXResourcesBuildPhase;
			buildActionMask = 2147483647;
			files = (
				C2506C521379F97800DC2FC1 /* Default.png in Resources */,
				C2506C541379F97800DC2FC1 /* fps_images.png in Resources */,
				C2506C561379F97800DC2FC1 /* Icon-72.png in Resources */,
				C2506C581379F97800DC2FC1 /* Icon-Small-50.png in Resources */,
				C2506C5A1379F97800DC2FC1 /* Icon-Small.png in Resources */,
				C2506C5C1379F97800DC2FC1 /* Icon-Small@2x.png in Resources */,
				C2506C5E1379F97900DC2FC1 /* Icon.png in Resources */,
				C2506C601379F97900DC2FC1 /* Icon@2x.png in Resources */,
				C2506C631379F97900DC2FC1 /* iTunesArtwork in Resources */,
				C2506DB1137A092D00DC2FC1 /* button.png in Resources */,
				C2466569137A2EBA00835E3A /* 5.mp3 in Resources */,
				C246656A137A2EBA00835E3A /* 4.mp3 in Resources */,
				C246656B137A2EBA00835E3A /* 3.mp3 in Resources */,
				C246656C137A2EBA00835E3A /* 2.mp3 in Resources */,
				C246656D137A2EBA00835E3A /* 1.mp3 in Resources */,
				C246656E137A2EBA00835E3A /* 0.mp3 in Resources */,
				C2466570137A2F9D00835E3A /* playButton.png in Resources */,
				EB251BA11540B7E10057F45B /* 6.mp3 in Resources */,
			);
			runOnlyForDeploymentPostprocessing = 0;
		};
/* End PBXResourcesBuildPhase section */

/* Begin PBXSourcesBuildPhase section */
		C2506C371379F97800DC2FC1 /* Sources */ = {
			isa = PBXSourcesBuildPhase;
			buildActionMask = 2147483647;
			files = (
				C2506C671379F97900DC2FC1 /* CCAction.m in Sources */,
				C2506C6A1379F97900DC2FC1 /* CCActionCamera.m in Sources */,
				C2506C6D1379F97900DC2FC1 /* CCActionEase.m in Sources */,
				C2506C701379F97900DC2FC1 /* CCActionGrid.m in Sources */,
				C2506C731379F97900DC2FC1 /* CCActionGrid3D.m in Sources */,
				C2506C761379F97900DC2FC1 /* CCActionInstant.m in Sources */,
				C2506C791379F97900DC2FC1 /* CCActionInterval.m in Sources */,
				C2506C7C1379F97900DC2FC1 /* CCActionManager.m in Sources */,
				C2506C7F1379F97900DC2FC1 /* CCActionPageTurn3D.m in Sources */,
				C2506C821379F97900DC2FC1 /* CCActionProgressTimer.m in Sources */,
				C2506C851379F97900DC2FC1 /* CCActionTiledGrid.m in Sources */,
				C2506C881379F97900DC2FC1 /* CCActionTween.m in Sources */,
				C2506C8B1379F97900DC2FC1 /* CCAnimation.m in Sources */,
				C2506C8E1379F97900DC2FC1 /* CCAnimationCache.m in Sources */,
				C2506C911379F97900DC2FC1 /* CCAtlasNode.m in Sources */,
				C2506C941379F97900DC2FC1 /* CCBlockSupport.m in Sources */,
				C2506C971379F97900DC2FC1 /* CCCamera.m in Sources */,
				C2506C9B1379F97900DC2FC1 /* CCConfiguration.m in Sources */,
				C2506C9E1379F97900DC2FC1 /* CCDirector.m in Sources */,
				C2506CA11379F97900DC2FC1 /* CCDrawingPrimitives.m in Sources */,
				C2506CA41379F97900DC2FC1 /* CCGrabber.m in Sources */,
				C2506CA71379F97900DC2FC1 /* CCGrid.m in Sources */,
				C2506CAA1379F97A00DC2FC1 /* CCLabelAtlas.m in Sources */,
				C2506CAD1379F97A00DC2FC1 /* CCLabelBMFont.m in Sources */,
				C2506CB01379F97A00DC2FC1 /* CCLabelTTF.m in Sources */,
				C2506CB31379F97A00DC2FC1 /* CCLayer.m in Sources */,
				C2506CB71379F97A00DC2FC1 /* CCMenu.m in Sources */,
				C2506CBA1379F97A00DC2FC1 /* CCMenuItem.m in Sources */,
				C2506CBD1379F97A00DC2FC1 /* CCMotionStreak.m in Sources */,
				C2506CC01379F97A00DC2FC1 /* CCNode.m in Sources */,
				C2506CC31379F97A00DC2FC1 /* CCParallaxNode.m in Sources */,
				C2506CC61379F97A00DC2FC1 /* CCParticleExamples.m in Sources */,
				C2506CC91379F97A00DC2FC1 /* CCParticleSystem.m in Sources */,
				C2506CCC1379F97A00DC2FC1 /* CCParticleSystemPoint.m in Sources */,
				C2506CCF1379F97A00DC2FC1 /* CCParticleSystemQuad.m in Sources */,
				C2506CD21379F97A00DC2FC1 /* CCProgressTimer.m in Sources */,
				C2506CD61379F97A00DC2FC1 /* CCRenderTexture.m in Sources */,
				C2506CD91379F97A00DC2FC1 /* CCRibbon.m in Sources */,
				C2506CDC1379F97A00DC2FC1 /* CCScene.m in Sources */,
				C2506CDF1379F97A00DC2FC1 /* CCScheduler.m in Sources */,
				C2506CE21379F97A00DC2FC1 /* CCSprite.m in Sources */,
				C2506CE51379F97A00DC2FC1 /* CCSpriteBatchNode.m in Sources */,
				C2506CE81379F97A00DC2FC1 /* CCSpriteFrame.m in Sources */,
				C2506CEB1379F97A00DC2FC1 /* CCSpriteFrameCache.m in Sources */,
				C2506CEE1379F97A00DC2FC1 /* CCTexture2D.m in Sources */,
				C2506CF11379F97A00DC2FC1 /* CCTextureAtlas.m in Sources */,
				C2506CF41379F97A00DC2FC1 /* CCTextureCache.m in Sources */,
				C2506CF71379F97A00DC2FC1 /* CCTexturePVR.m in Sources */,
				C2506CFA1379F97A00DC2FC1 /* CCTileMapAtlas.m in Sources */,
				C2506CFD1379F97A00DC2FC1 /* CCTMXLayer.m in Sources */,
				C2506D001379F97A00DC2FC1 /* CCTMXObjectGroup.m in Sources */,
				C2506D031379F97A00DC2FC1 /* CCTMXTiledMap.m in Sources */,
				C2506D061379F97A00DC2FC1 /* CCTMXXMLParser.m in Sources */,
				C2506D091379F97A00DC2FC1 /* CCTransition.m in Sources */,
				C2506D0C1379F97A00DC2FC1 /* CCTransitionPageTurn.m in Sources */,
				C2506D0F1379F97B00DC2FC1 /* CCTransitionRadial.m in Sources */,
				C2506D131379F97B00DC2FC1 /* cocos2d.m in Sources */,
				C2506D181379F97B00DC2FC1 /* CCDirectorIOS.m in Sources */,
				C2506D1C1379F97B00DC2FC1 /* CCTouchDispatcher.m in Sources */,
				C2506D1F1379F97B00DC2FC1 /* CCTouchHandler.m in Sources */,
				C2506D221379F97B00DC2FC1 /* EAGLView.m in Sources */,
				C2506D251379F97B00DC2FC1 /* ES1Renderer.m in Sources */,
				C2506D281379F97B00DC2FC1 /* glu.c in Sources */,
				C2506D2C1379F97B00DC2FC1 /* CCDirectorMac.m in Sources */,
				C2506D2F1379F97B00DC2FC1 /* CCEventDispatcher.m in Sources */,
				C2506D321379F97B00DC2FC1 /* MacGLView.m in Sources */,
				C2506D351379F97B00DC2FC1 /* MacWindow.m in Sources */,
				C2506D371379F97B00DC2FC1 /* base64.c in Sources */,
				C2506D3B1379F97B00DC2FC1 /* CCArray.m in Sources */,
				C2506D3F1379F97B00DC2FC1 /* CCFileUtils.m in Sources */,
				C2506D421379F97B00DC2FC1 /* CCProfiling.m in Sources */,
				C2506D441379F97B00DC2FC1 /* ccUtils.c in Sources */,
				C2506D481379F97B00DC2FC1 /* CGPointExtension.m in Sources */,
				C2506D4C1379F97B00DC2FC1 /* TGAlib.m in Sources */,
				C2506D4F1379F97B00DC2FC1 /* TransformUtils.m in Sources */,
				C2506D541379F97B00DC2FC1 /* ZipUtils.m in Sources */,
				C2506D581379F97B00DC2FC1 /* CDAudioManager.m in Sources */,
				C2506D5C1379F97B00DC2FC1 /* CDOpenALSupport.m in Sources */,
				C2506D5F1379F97B00DC2FC1 /* CocosDenshion.m in Sources */,
				C2506D621379F97B00DC2FC1 /* SimpleAudioEngine.m in Sources */,
				C2506D661379F97B00DC2FC1 /* CLScoreServerPost.m in Sources */,
				C2506D691379F97B00DC2FC1 /* CLScoreServerRequest.m in Sources */,
				C2506D6C1379F97B00DC2FC1 /* cocoslive.m in Sources */,
				C2506D701379F97B00DC2FC1 /* FontLabel.m in Sources */,
				C2506D731379F97B00DC2FC1 /* FontLabelStringDrawing.m in Sources */,
				C2506D761379F97B00DC2FC1 /* FontManager.m in Sources */,
				C2506D791379F97B00DC2FC1 /* ZAttributedString.m in Sources */,
				C2506D7D1379F97B00DC2FC1 /* ZFont.m in Sources */,
				C2506D811379F97B00DC2FC1 /* CDataScanner.m in Sources */,
				C2506D841379F97B00DC2FC1 /* CDataScanner_Extensions.m in Sources */,
				C2506D871379F97C00DC2FC1 /* NSDictionary_JSONExtensions.m in Sources */,
				C2506D8A1379F97C00DC2FC1 /* CJSONDeserializer.m in Sources */,
				C2506D8D1379F97C00DC2FC1 /* CJSONScanner.m in Sources */,
				C2506D901379F97C00DC2FC1 /* CJSONSerializer.m in Sources */,
				C2506D951379F97C00DC2FC1 /* main.m in Sources */,
				C2506D981379F97C00DC2FC1 /* AppDelegate.m in Sources */,
				C2506D9B1379F97C00DC2FC1 /* RootViewController.m in Sources */,
				C2506DA71379F9FE00DC2FC1 /* MusicPad.m in Sources */,
				C2506DAC1379FCF200DC2FC1 /* MusicInterface.m in Sources */,
				C2766CC9138B19EC00AD5623 /* MusicLayer.m in Sources */,
			);
			runOnlyForDeploymentPostprocessing = 0;
		};
/* End PBXSourcesBuildPhase section */

/* Begin XCBuildConfiguration section */
		C2506DA01379F97C00DC2FC1 /* Debug */ = {
			isa = XCBuildConfiguration;
			buildSettings = {
				ARCHS = "$(ARCHS_STANDARD_32_BIT)";
				"CODE_SIGN_IDENTITY[sdk=iphoneos*]" = "iPhone Developer";
				GCC_C_LANGUAGE_STANDARD = gnu99;
				GCC_OPTIMIZATION_LEVEL = 0;
				GCC_PREPROCESSOR_DEFINITIONS = (
					DEBUG,
					"COCOS2D_DEBUG=1",
				);
				GCC_SYMBOLS_PRIVATE_EXTERN = NO;
				GCC_VERSION = com.apple.compilers.llvmgcc42;
				GCC_WARN_ABOUT_RETURN_TYPE = YES;
				GCC_WARN_UNUSED_VARIABLE = YES;
				IPHONEOS_DEPLOYMENT_TARGET = 4.3;
				SDKROOT = iphoneos;
			};
			name = Debug;
		};
		C2506DA11379F97C00DC2FC1 /* Release */ = {
			isa = XCBuildConfiguration;
			buildSettings = {
				ARCHS = "$(ARCHS_STANDARD_32_BIT)";
				"CODE_SIGN_IDENTITY[sdk=iphoneos*]" = "iPhone Developer";
				GCC_C_LANGUAGE_STANDARD = gnu99;
				GCC_PREPROCESSOR_DEFINITIONS = NDEBUG;
				GCC_VERSION = com.apple.compilers.llvmgcc42;
				GCC_WARN_ABOUT_RETURN_TYPE = YES;
				GCC_WARN_UNUSED_VARIABLE = YES;
				IPHONEOS_DEPLOYMENT_TARGET = 4.3;
				OTHER_CFLAGS = "-DNS_BLOCK_ASSERTIONS=1";
				SDKROOT = iphoneos;
			};
			name = Release;
		};
		C2506DA31379F97C00DC2FC1 /* Debug */ = {
			isa = XCBuildConfiguration;
			buildSettings = {
				ALWAYS_SEARCH_USER_PATHS = NO;
				COPY_PHASE_STRIP = NO;
				GCC_DYNAMIC_NO_PIC = NO;
				GCC_PRECOMPILE_PREFIX_HEADER = YES;
				GCC_PREFIX_HEADER = MusicApp/Prefix.pch;
				"GCC_THUMB_SUPPORT[arch=armv6]" = "";
				GCC_VERSION = com.apple.compilers.llvm.clang.1_0;
				INFOPLIST_FILE = MusicApp/Resources/Info.plist;
				IPHONEOS_DEPLOYMENT_TARGET = 6.0;
				OTHER_LDFLAGS = "-lz";
				PRODUCT_NAME = "$(TARGET_NAME)";
				TARGETED_DEVICE_FAMILY = 1;
				WRAPPER_EXTENSION = app;
			};
			name = Debug;
		};
		C2506DA41379F97C00DC2FC1 /* Release */ = {
			isa = XCBuildConfiguration;
			buildSettings = {
				ALWAYS_SEARCH_USER_PATHS = NO;
				COPY_PHASE_STRIP = YES;
				GCC_PRECOMPILE_PREFIX_HEADER = YES;
				GCC_PREFIX_HEADER = MusicApp/Prefix.pch;
				"GCC_THUMB_SUPPORT[arch=armv6]" = "";
				GCC_VERSION = com.apple.compilers.llvm.clang.1_0;
				INFOPLIST_FILE = MusicApp/Resources/Info.plist;
				IPHONEOS_DEPLOYMENT_TARGET = 6.0;
				OTHER_LDFLAGS = "-lz";
				PRODUCT_NAME = "$(TARGET_NAME)";
				TARGETED_DEVICE_FAMILY = 1;
				VALIDATE_PRODUCT = YES;
				WRAPPER_EXTENSION = app;
			};
			name = Release;
		};
/* End XCBuildConfiguration section */

/* Begin XCConfigurationList section */
		C2506C351379F97800DC2FC1 /* Build configuration list for PBXProject "MusicApp" */ = {
			isa = XCConfigurationList;
			buildConfigurations = (
				C2506DA01379F97C00DC2FC1 /* Debug */,
				C2506DA11379F97C00DC2FC1 /* Release */,
			);
			defaultConfigurationIsVisible = 0;
			defaultConfigurationName = Release;
		};
		C2506DA21379F97C00DC2FC1 /* Build configuration list for PBXNativeTarget "MusicApp" */ = {
			isa = XCConfigurationList;
			buildConfigurations = (
				C2506DA31379F97C00DC2FC1 /* Debug */,
				C2506DA41379F97C00DC2FC1 /* Release */,
			);
			defaultConfigurationIsVisible = 0;
			defaultConfigurationName = Release;
		};
/* End XCConfigurationList section */
	};
	rootObject = C2506C321379F97800DC2FC1 /* Project object */;
}
